// !$*UTF8*$!
{
	archiveVersion = 1;
	classes = {
	};
	objectVersion = 46;
	objects = {

/* Begin PBXBuildFile section */
		591E1C891CA40A0400045E39 /* UIView+Toast.m in Sources */ = {isa = PBXBuildFile; fileRef = 591E1C881CA40A0400045E39 /* UIView+Toast.m */; };
		59363F481CCE322B00EEDC96 /* ForumHomeViewController.m in Sources */ = {isa = PBXBuildFile; fileRef = 59363F471CCE322B00EEDC96 /* ForumHomeViewController.m */; };
		5952D1FE1C9D408000E761F9 /* Home.storyboard in Resources */ = {isa = PBXBuildFile; fileRef = 5952D1FD1C9D408000E761F9 /* Home.storyboard */; };
		5952D2001C9D415100E761F9 /* Forum.storyboard in Resources */ = {isa = PBXBuildFile; fileRef = 5952D1FF1C9D415100E761F9 /* Forum.storyboard */; };
		5952D2021C9D41F200E761F9 /* Market.storyboard in Resources */ = {isa = PBXBuildFile; fileRef = 5952D2011C9D41F200E761F9 /* Market.storyboard */; };
		5952D2041C9D434D00E761F9 /* Message.storyboard in Resources */ = {isa = PBXBuildFile; fileRef = 5952D2031C9D434D00E761F9 /* Message.storyboard */; };
		5952D2081C9D441300E761F9 /* Personal.storyboard in Resources */ = {isa = PBXBuildFile; fileRef = 5952D2071C9D441300E761F9 /* Personal.storyboard */; };
		5952D2231C9D4FED00E761F9 /* UIColor+Utils.m in Sources */ = {isa = PBXBuildFile; fileRef = 5952D2221C9D4FED00E761F9 /* UIColor+Utils.m */; };
		5952D2261C9D50A700E761F9 /* Utils.m in Sources */ = {isa = PBXBuildFile; fileRef = 5952D2251C9D50A700E761F9 /* Utils.m */; };
		59657BCA1CAD51B20013F1F8 /* MyProfileTableViewController.m in Sources */ = {isa = PBXBuildFile; fileRef = 59657BC91CAD51B20013F1F8 /* MyProfileTableViewController.m */; };
		597E23171CC1DF82009DCA6B /* NSString+Validation.m in Sources */ = {isa = PBXBuildFile; fileRef = 597E23161CC1DF82009DCA6B /* NSString+Validation.m */; };
		597E235F1CC1DFEF009DCA6B /* DGActivityIndicatorBallBeatAnimation.m in Sources */ = {isa = PBXBuildFile; fileRef = 597E231B1CC1DFEF009DCA6B /* DGActivityIndicatorBallBeatAnimation.m */; };
		597E23601CC1DFEF009DCA6B /* DGActivityIndicatorBallClipRotateAnimation.m in Sources */ = {isa = PBXBuildFile; fileRef = 597E231D1CC1DFEF009DCA6B /* DGActivityIndicatorBallClipRotateAnimation.m */; };
		597E23611CC1DFEF009DCA6B /* DGActivityIndicatorBallClipRotateMultipleAnimation.m in Sources */ = {isa = PBXBuildFile; fileRef = 597E231F1CC1DFEF009DCA6B /* DGActivityIndicatorBallClipRotateMultipleAnimation.m */; };
		597E23621CC1DFEF009DCA6B /* DGActivityIndicatorBallClipRotatePulseAnimation.m in Sources */ = {isa = PBXBuildFile; fileRef = 597E23211CC1DFEF009DCA6B /* DGActivityIndicatorBallClipRotatePulseAnimation.m */; };
		597E23631CC1DFEF009DCA6B /* DGActivityIndicatorBallGridBeatAnimation.m in Sources */ = {isa = PBXBuildFile; fileRef = 597E23231CC1DFEF009DCA6B /* DGActivityIndicatorBallGridBeatAnimation.m */; };
		597E23641CC1DFEF009DCA6B /* DGActivityIndicatorBallGridPulseAnimation.m in Sources */ = {isa = PBXBuildFile; fileRef = 597E23251CC1DFEF009DCA6B /* DGActivityIndicatorBallGridPulseAnimation.m */; };
		597E23651CC1DFEF009DCA6B /* DGActivityIndicatorBallPulseAnimation.m in Sources */ = {isa = PBXBuildFile; fileRef = 597E23271CC1DFEF009DCA6B /* DGActivityIndicatorBallPulseAnimation.m */; };
		597E23661CC1DFEF009DCA6B /* DGActivityIndicatorBallPulseSyncAnimation.m in Sources */ = {isa = PBXBuildFile; fileRef = 597E23291CC1DFEF009DCA6B /* DGActivityIndicatorBallPulseSyncAnimation.m */; };
		597E23671CC1DFEF009DCA6B /* DGActivityIndicatorBallRotateAnimation.m in Sources */ = {isa = PBXBuildFile; fileRef = 597E232B1CC1DFEF009DCA6B /* DGActivityIndicatorBallRotateAnimation.m */; };
		597E23681CC1DFEF009DCA6B /* DGActivityIndicatorBallScaleAnimation.m in Sources */ = {isa = PBXBuildFile; fileRef = 597E232D1CC1DFEF009DCA6B /* DGActivityIndicatorBallScaleAnimation.m */; };
		597E23691CC1DFEF009DCA6B /* DGActivityIndicatorBallScaleMultipleAnimation.m in Sources */ = {isa = PBXBuildFile; fileRef = 597E232F1CC1DFEF009DCA6B /* DGActivityIndicatorBallScaleMultipleAnimation.m */; };
		597E236A1CC1DFEF009DCA6B /* DGActivityIndicatorBallScaleRippleAnimation.m in Sources */ = {isa = PBXBuildFile; fileRef = 597E23311CC1DFEF009DCA6B /* DGActivityIndicatorBallScaleRippleAnimation.m */; };
		597E236B1CC1DFEF009DCA6B /* DGActivityIndicatorBallScaleRippleMultipleAnimation.m in Sources */ = {isa = PBXBuildFile; fileRef = 597E23331CC1DFEF009DCA6B /* DGActivityIndicatorBallScaleRippleMultipleAnimation.m */; };
		597E236C1CC1DFEF009DCA6B /* DGActivityIndicatorBallSpinFadeLoader.m in Sources */ = {isa = PBXBuildFile; fileRef = 597E23351CC1DFEF009DCA6B /* DGActivityIndicatorBallSpinFadeLoader.m */; };
		597E236D1CC1DFEF009DCA6B /* DGActivityIndicatorBallTrianglePathAnimation.m in Sources */ = {isa = PBXBuildFile; fileRef = 597E23371CC1DFEF009DCA6B /* DGActivityIndicatorBallTrianglePathAnimation.m */; };
		597E236E1CC1DFEF009DCA6B /* DGActivityIndicatorBallZigZagAnimation.m in Sources */ = {isa = PBXBuildFile; fileRef = 597E23391CC1DFEF009DCA6B /* DGActivityIndicatorBallZigZagAnimation.m */; };
		597E236F1CC1DFEF009DCA6B /* DGActivityIndicatorBallZigZagDeflectAnimation.m in Sources */ = {isa = PBXBuildFile; fileRef = 597E233B1CC1DFEF009DCA6B /* DGActivityIndicatorBallZigZagDeflectAnimation.m */; };
		597E23701CC1DFEF009DCA6B /* DGActivityIndicatorCookieTerminatorAnimation.m in Sources */ = {isa = PBXBuildFile; fileRef = 597E233D1CC1DFEF009DCA6B /* DGActivityIndicatorCookieTerminatorAnimation.m */; };
		597E23711CC1DFEF009DCA6B /* DGActivityIndicatorDoubleBounceAnimation.m in Sources */ = {isa = PBXBuildFile; fileRef = 597E233F1CC1DFEF009DCA6B /* DGActivityIndicatorDoubleBounceAnimation.m */; };
		597E23721CC1DFEF009DCA6B /* DGActivityIndicatorFiveDotsAnimation.m in Sources */ = {isa = PBXBuildFile; fileRef = 597E23411CC1DFEF009DCA6B /* DGActivityIndicatorFiveDotsAnimation.m */; };
		597E23731CC1DFEF009DCA6B /* DGActivityIndicatorLineScaleAnimation.m in Sources */ = {isa = PBXBuildFile; fileRef = 597E23431CC1DFEF009DCA6B /* DGActivityIndicatorLineScaleAnimation.m */; };
		597E23741CC1DFEF009DCA6B /* DGActivityIndicatorLineScalePartyAnimation.m in Sources */ = {isa = PBXBuildFile; fileRef = 597E23451CC1DFEF009DCA6B /* DGActivityIndicatorLineScalePartyAnimation.m */; };
		597E23751CC1DFEF009DCA6B /* DGActivityIndicatorLineScalePulseOutAnimation.m in Sources */ = {isa = PBXBuildFile; fileRef = 597E23471CC1DFEF009DCA6B /* DGActivityIndicatorLineScalePulseOutAnimation.m */; };
		597E23761CC1DFEF009DCA6B /* DGActivityIndicatorLineScalePulseOutRapidAnimation.m in Sources */ = {isa = PBXBuildFile; fileRef = 597E23491CC1DFEF009DCA6B /* DGActivityIndicatorLineScalePulseOutRapidAnimation.m */; };
		597E23771CC1DFEF009DCA6B /* DGActivityIndicatorNineDotsAnimation.m in Sources */ = {isa = PBXBuildFile; fileRef = 597E234B1CC1DFEF009DCA6B /* DGActivityIndicatorNineDotsAnimation.m */; };
		597E23781CC1DFEF009DCA6B /* DGActivityIndicatorRotatingSandglassAnimation.m in Sources */ = {isa = PBXBuildFile; fileRef = 597E234D1CC1DFEF009DCA6B /* DGActivityIndicatorRotatingSandglassAnimation.m */; };
		597E23791CC1DFEF009DCA6B /* DGActivityIndicatorRotatingSquaresAnimation.m in Sources */ = {isa = PBXBuildFile; fileRef = 597E234F1CC1DFEF009DCA6B /* DGActivityIndicatorRotatingSquaresAnimation.m */; };
		597E237A1CC1DFEF009DCA6B /* DGActivityIndicatorRotatingTrigonAnimation.m in Sources */ = {isa = PBXBuildFile; fileRef = 597E23511CC1DFEF009DCA6B /* DGActivityIndicatorRotatingTrigonAnimation.m */; };
		597E237B1CC1DFEF009DCA6B /* DGActivityIndicatorThreeDotsAnimation.m in Sources */ = {isa = PBXBuildFile; fileRef = 597E23531CC1DFEF009DCA6B /* DGActivityIndicatorThreeDotsAnimation.m */; };
		597E237C1CC1DFEF009DCA6B /* DGActivityIndicatorTriangleSkewSpinAnimation.m in Sources */ = {isa = PBXBuildFile; fileRef = 597E23551CC1DFEF009DCA6B /* DGActivityIndicatorTriangleSkewSpinAnimation.m */; };
		597E237D1CC1DFEF009DCA6B /* DGActivityIndicatorTriplePulseAnimation.m in Sources */ = {isa = PBXBuildFile; fileRef = 597E23571CC1DFEF009DCA6B /* DGActivityIndicatorTriplePulseAnimation.m */; };
		597E237E1CC1DFEF009DCA6B /* DGActivityIndicatorTripleRingsAnimation.m in Sources */ = {isa = PBXBuildFile; fileRef = 597E23591CC1DFEF009DCA6B /* DGActivityIndicatorTripleRingsAnimation.m */; };
		597E237F1CC1DFEF009DCA6B /* DGActivityIndicatorTwoDotsAnimation.m in Sources */ = {isa = PBXBuildFile; fileRef = 597E235B1CC1DFEF009DCA6B /* DGActivityIndicatorTwoDotsAnimation.m */; };
		597E23801CC1DFEF009DCA6B /* DGActivityIndicatorView.m in Sources */ = {isa = PBXBuildFile; fileRef = 597E235E1CC1DFEF009DCA6B /* DGActivityIndicatorView.m */; };
		597E23831CC1E228009DCA6B /* ChooseProvinceViewController.m in Sources */ = {isa = PBXBuildFile; fileRef = 597E23821CC1E228009DCA6B /* ChooseProvinceViewController.m */; };
		597E23861CC1E241009DCA6B /* ChooseCityViewController.m in Sources */ = {isa = PBXBuildFile; fileRef = 597E23851CC1E241009DCA6B /* ChooseCityViewController.m */; };
		597E23891CC1E326009DCA6B /* ProvinceCityTableViewCell.m in Sources */ = {isa = PBXBuildFile; fileRef = 597E23881CC1E326009DCA6B /* ProvinceCityTableViewCell.m */; };
		599F42521CCB04F6001BC33A /* HotForumsViewController.m in Sources */ = {isa = PBXBuildFile; fileRef = 599F42511CCB04F6001BC33A /* HotForumsViewController.m */; };
		599F42551CCB0BE2001BC33A /* ForumModels.m in Sources */ = {isa = PBXBuildFile; fileRef = 599F42541CCB0BE2001BC33A /* ForumModels.m */; };
		599F42581CCB1350001BC33A /* CreateForumStepOneViewController.m in Sources */ = {isa = PBXBuildFile; fileRef = 599F42571CCB1350001BC33A /* CreateForumStepOneViewController.m */; };
		599F425B1CCB23A7001BC33A /* CreateForumStepTwoViewController.m in Sources */ = {isa = PBXBuildFile; fileRef = 599F425A1CCB23A7001BC33A /* CreateForumStepTwoViewController.m */; };
		599F425E1CCB23C7001BC33A /* CreateForumSummaryTableViewController.m in Sources */ = {isa = PBXBuildFile; fileRef = 599F425D1CCB23C7001BC33A /* CreateForumSummaryTableViewController.m */; };
		599F42611CCB4B24001BC33A /* CategoryCollectionViewCell.m in Sources */ = {isa = PBXBuildFile; fileRef = 599F42601CCB4B24001BC33A /* CategoryCollectionViewCell.m */; };
		599F42641CCB4FE8001BC33A /* CreateForumStepThreeViewController.m in Sources */ = {isa = PBXBuildFile; fileRef = 599F42631CCB4FE8001BC33A /* CreateForumStepThreeViewController.m */; };
		599F42671CCB6A32001BC33A /* ForumItemTableViewCell.m in Sources */ = {isa = PBXBuildFile; fileRef = 599F42661CCB6A32001BC33A /* ForumItemTableViewCell.m */; };
		599F426A1CCB9337001BC33A /* RefreshView.m in Sources */ = {isa = PBXBuildFile; fileRef = 599F42691CCB9337001BC33A /* RefreshView.m */; };
		59BD2A931C9ACC9D00D9A58C /* main.m in Sources */ = {isa = PBXBuildFile; fileRef = 59BD2A921C9ACC9D00D9A58C /* main.m */; };
		59BD2A961C9ACC9D00D9A58C /* AppDelegate.m in Sources */ = {isa = PBXBuildFile; fileRef = 59BD2A951C9ACC9D00D9A58C /* AppDelegate.m */; };
		59BD2A9C1C9ACC9D00D9A58C /* Main.storyboard in Resources */ = {isa = PBXBuildFile; fileRef = 59BD2A9A1C9ACC9D00D9A58C /* Main.storyboard */; };
		59BD2A9E1C9ACC9D00D9A58C /* Assets.xcassets in Resources */ = {isa = PBXBuildFile; fileRef = 59BD2A9D1C9ACC9D00D9A58C /* Assets.xcassets */; };
		59BD2AA11C9ACC9D00D9A58C /* LaunchScreen.storyboard in Resources */ = {isa = PBXBuildFile; fileRef = 59BD2A9F1C9ACC9D00D9A58C /* LaunchScreen.storyboard */; };
		59BD2AC31C9ADF2300D9A58C /* Info.plist in Resources */ = {isa = PBXBuildFile; fileRef = 59BD2AA91C9ADF2300D9A58C /* Info.plist */; };
		59BD2AC41C9ADF2300D9A58C /* JSONModel.m in Sources */ = {isa = PBXBuildFile; fileRef = 59BD2AAC1C9ADF2300D9A58C /* JSONModel.m */; };
		59BD2AC51C9ADF2300D9A58C /* JSONModelArray.m in Sources */ = {isa = PBXBuildFile; fileRef = 59BD2AAE1C9ADF2300D9A58C /* JSONModelArray.m */; };
		59BD2AC61C9ADF2300D9A58C /* JSONModelClassProperty.m in Sources */ = {isa = PBXBuildFile; fileRef = 59BD2AB01C9ADF2300D9A58C /* JSONModelClassProperty.m */; };
		59BD2AC71C9ADF2300D9A58C /* JSONModelError.m in Sources */ = {isa = PBXBuildFile; fileRef = 59BD2AB21C9ADF2300D9A58C /* JSONModelError.m */; };
		59BD2AC81C9ADF2300D9A58C /* NSArray+JSONModel.m in Sources */ = {isa = PBXBuildFile; fileRef = 59BD2AB51C9ADF2300D9A58C /* NSArray+JSONModel.m */; };
		59BD2AC91C9ADF2300D9A58C /* JSONAPI.m in Sources */ = {isa = PBXBuildFile; fileRef = 59BD2AB91C9ADF2300D9A58C /* JSONAPI.m */; };
		59BD2ACA1C9ADF2300D9A58C /* JSONHTTPClient.m in Sources */ = {isa = PBXBuildFile; fileRef = 59BD2ABB1C9ADF2300D9A58C /* JSONHTTPClient.m */; };
		59BD2ACB1C9ADF2300D9A58C /* JSONModel+networking.m in Sources */ = {isa = PBXBuildFile; fileRef = 59BD2ABD1C9ADF2300D9A58C /* JSONModel+networking.m */; };
		59BD2ACC1C9ADF2300D9A58C /* JSONKeyMapper.m in Sources */ = {isa = PBXBuildFile; fileRef = 59BD2AC01C9ADF2300D9A58C /* JSONKeyMapper.m */; };
		59BD2ACD1C9ADF2300D9A58C /* JSONValueTransformer.m in Sources */ = {isa = PBXBuildFile; fileRef = 59BD2AC21C9ADF2300D9A58C /* JSONValueTransformer.m */; };
		59BF18B61CB74C1B00033F41 /* LoginAndRegister.storyboard in Resources */ = {isa = PBXBuildFile; fileRef = 59BF18AF1CB74C1B00033F41 /* LoginAndRegister.storyboard */; };
		59BF18B71CB74C1B00033F41 /* RegisterGetVerifyCodeViewController.m in Sources */ = {isa = PBXBuildFile; fileRef = 59BF18B01CB74C1B00033F41 /* RegisterGetVerifyCodeViewController.m */; };
		59BF18B81CB74C1B00033F41 /* RegisterWithVerifyCodeViewController.m in Sources */ = {isa = PBXBuildFile; fileRef = 59BF18B11CB74C1B00033F41 /* RegisterWithVerifyCodeViewController.m */; };
		59BF18B91CB74C1B00033F41 /* LoginWithPasswordViewController.m in Sources */ = {isa = PBXBuildFile; fileRef = 59BF18B21CB74C1B00033F41 /* LoginWithPasswordViewController.m */; };
		59CF08AF1CB88A1200FD2040 /* UpdatePhotoViewController.m in Sources */ = {isa = PBXBuildFile; fileRef = 59CF08AE1CB88A1200FD2040 /* UpdatePhotoViewController.m */; };
		59CF08B21CB8F0E300FD2040 /* UpdatePasswordViewController.m in Sources */ = {isa = PBXBuildFile; fileRef = 59CF08B11CB8F0E300FD2040 /* UpdatePasswordViewController.m */; };
		59CF08B51CB925AF00FD2040 /* UpdateNameViewController.m in Sources */ = {isa = PBXBuildFile; fileRef = 59CF08B41CB925AF00FD2040 /* UpdateNameViewController.m */; };
		59CF80D31CA627FE005F0CA6 /* UserModels.m in Sources */ = {isa = PBXBuildFile; fileRef = 59CF80D21CA627FE005F0CA6 /* UserModels.m */; };
		59CF80D61CA667ED005F0CA6 /* PersonalViewController.m in Sources */ = {isa = PBXBuildFile; fileRef = 59CF80D51CA667ED005F0CA6 /* PersonalViewController.m */; };
		59D191E11C9D82E500FF696C /* NetworkManager.m in Sources */ = {isa = PBXBuildFile; fileRef = 59D191E01C9D82E500FF696C /* NetworkManager.m */; };
		59D1C1E31CBFB3AD006D1A26 /* CoreAnimationViewController.m in Sources */ = {isa = PBXBuildFile; fileRef = 59D1C1E21CBFB3AD006D1A26 /* CoreAnimationViewController.m */; };
		59D1C1E61CBFC748006D1A26 /* GMDCircleLoader.m in Sources */ = {isa = PBXBuildFile; fileRef = 59D1C1E51CBFC748006D1A26 /* GMDCircleLoader.m */; };
		59E4582E1CA02AEF00A48E95 /* Models.m in Sources */ = {isa = PBXBuildFile; fileRef = 59E4582D1CA02AEF00A48E95 /* Models.m */; };
/* End PBXBuildFile section */

/* Begin PBXFileReference section */
		591E1C871CA40A0400045E39 /* UIView+Toast.h */ = {isa = PBXFileReference; fileEncoding = 4; lastKnownFileType = sourcecode.c.h; path = "UIView+Toast.h"; sourceTree = "<group>"; };
		591E1C881CA40A0400045E39 /* UIView+Toast.m */ = {isa = PBXFileReference; fileEncoding = 4; lastKnownFileType = sourcecode.c.objc; path = "UIView+Toast.m"; sourceTree = "<group>"; };
		59363F461CCE322B00EEDC96 /* ForumHomeViewController.h */ = {isa = PBXFileReference; fileEncoding = 4; lastKnownFileType = sourcecode.c.h; path = ForumHomeViewController.h; sourceTree = "<group>"; };
		59363F471CCE322B00EEDC96 /* ForumHomeViewController.m */ = {isa = PBXFileReference; fileEncoding = 4; lastKnownFileType = sourcecode.c.objc; path = ForumHomeViewController.m; sourceTree = "<group>"; };
		5952D1FD1C9D408000E761F9 /* Home.storyboard */ = {isa = PBXFileReference; fileEncoding = 4; lastKnownFileType = file.storyboard; path = Home.storyboard; sourceTree = "<group>"; };
		5952D1FF1C9D415100E761F9 /* Forum.storyboard */ = {isa = PBXFileReference; fileEncoding = 4; lastKnownFileType = file.storyboard; path = Forum.storyboard; sourceTree = "<group>"; };
		5952D2011C9D41F200E761F9 /* Market.storyboard */ = {isa = PBXFileReference; fileEncoding = 4; lastKnownFileType = file.storyboard; path = Market.storyboard; sourceTree = "<group>"; };
		5952D2031C9D434D00E761F9 /* Message.storyboard */ = {isa = PBXFileReference; fileEncoding = 4; lastKnownFileType = file.storyboard; path = Message.storyboard; sourceTree = "<group>"; };
		5952D2071C9D441300E761F9 /* Personal.storyboard */ = {isa = PBXFileReference; fileEncoding = 4; lastKnownFileType = file.storyboard; path = Personal.storyboard; sourceTree = "<group>"; };
		5952D2211C9D4FED00E761F9 /* UIColor+Utils.h */ = {isa = PBXFileReference; fileEncoding = 4; lastKnownFileType = sourcecode.c.h; path = "UIColor+Utils.h"; sourceTree = "<group>"; };
		5952D2221C9D4FED00E761F9 /* UIColor+Utils.m */ = {isa = PBXFileReference; fileEncoding = 4; lastKnownFileType = sourcecode.c.objc; path = "UIColor+Utils.m"; sourceTree = "<group>"; };
		5952D2241C9D50A700E761F9 /* Utils.h */ = {isa = PBXFileReference; fileEncoding = 4; lastKnownFileType = sourcecode.c.h; path = Utils.h; sourceTree = "<group>"; };
		5952D2251C9D50A700E761F9 /* Utils.m */ = {isa = PBXFileReference; fileEncoding = 4; lastKnownFileType = sourcecode.c.objc; path = Utils.m; sourceTree = "<group>"; };
		59657BC81CAD51B20013F1F8 /* MyProfileTableViewController.h */ = {isa = PBXFileReference; fileEncoding = 4; lastKnownFileType = sourcecode.c.h; path = MyProfileTableViewController.h; sourceTree = "<group>"; };
		59657BC91CAD51B20013F1F8 /* MyProfileTableViewController.m */ = {isa = PBXFileReference; fileEncoding = 4; lastKnownFileType = sourcecode.c.objc; path = MyProfileTableViewController.m; sourceTree = "<group>"; };
		597E23151CC1DF82009DCA6B /* NSString+Validation.h */ = {isa = PBXFileReference; fileEncoding = 4; lastKnownFileType = sourcecode.c.h; path = "NSString+Validation.h"; sourceTree = "<group>"; };
		597E23161CC1DF82009DCA6B /* NSString+Validation.m */ = {isa = PBXFileReference; fileEncoding = 4; lastKnownFileType = sourcecode.c.objc; path = "NSString+Validation.m"; sourceTree = "<group>"; };
		597E231A1CC1DFEF009DCA6B /* DGActivityIndicatorBallBeatAnimation.h */ = {isa = PBXFileReference; fileEncoding = 4; lastKnownFileType = sourcecode.c.h; path = DGActivityIndicatorBallBeatAnimation.h; sourceTree = "<group>"; };
		597E231B1CC1DFEF009DCA6B /* DGActivityIndicatorBallBeatAnimation.m */ = {isa = PBXFileReference; fileEncoding = 4; lastKnownFileType = sourcecode.c.objc; path = DGActivityIndicatorBallBeatAnimation.m; sourceTree = "<group>"; };
		597E231C1CC1DFEF009DCA6B /* DGActivityIndicatorBallClipRotateAnimation.h */ = {isa = PBXFileReference; fileEncoding = 4; lastKnownFileType = sourcecode.c.h; path = DGActivityIndicatorBallClipRotateAnimation.h; sourceTree = "<group>"; };
		597E231D1CC1DFEF009DCA6B /* DGActivityIndicatorBallClipRotateAnimation.m */ = {isa = PBXFileReference; fileEncoding = 4; lastKnownFileType = sourcecode.c.objc; path = DGActivityIndicatorBallClipRotateAnimation.m; sourceTree = "<group>"; };
		597E231E1CC1DFEF009DCA6B /* DGActivityIndicatorBallClipRotateMultipleAnimation.h */ = {isa = PBXFileReference; fileEncoding = 4; lastKnownFileType = sourcecode.c.h; path = DGActivityIndicatorBallClipRotateMultipleAnimation.h; sourceTree = "<group>"; };
		597E231F1CC1DFEF009DCA6B /* DGActivityIndicatorBallClipRotateMultipleAnimation.m */ = {isa = PBXFileReference; fileEncoding = 4; lastKnownFileType = sourcecode.c.objc; path = DGActivityIndicatorBallClipRotateMultipleAnimation.m; sourceTree = "<group>"; };
		597E23201CC1DFEF009DCA6B /* DGActivityIndicatorBallClipRotatePulseAnimation.h */ = {isa = PBXFileReference; fileEncoding = 4; lastKnownFileType = sourcecode.c.h; path = DGActivityIndicatorBallClipRotatePulseAnimation.h; sourceTree = "<group>"; };
		597E23211CC1DFEF009DCA6B /* DGActivityIndicatorBallClipRotatePulseAnimation.m */ = {isa = PBXFileReference; fileEncoding = 4; lastKnownFileType = sourcecode.c.objc; path = DGActivityIndicatorBallClipRotatePulseAnimation.m; sourceTree = "<group>"; };
		597E23221CC1DFEF009DCA6B /* DGActivityIndicatorBallGridBeatAnimation.h */ = {isa = PBXFileReference; fileEncoding = 4; lastKnownFileType = sourcecode.c.h; path = DGActivityIndicatorBallGridBeatAnimation.h; sourceTree = "<group>"; };
		597E23231CC1DFEF009DCA6B /* DGActivityIndicatorBallGridBeatAnimation.m */ = {isa = PBXFileReference; fileEncoding = 4; lastKnownFileType = sourcecode.c.objc; path = DGActivityIndicatorBallGridBeatAnimation.m; sourceTree = "<group>"; };
		597E23241CC1DFEF009DCA6B /* DGActivityIndicatorBallGridPulseAnimation.h */ = {isa = PBXFileReference; fileEncoding = 4; lastKnownFileType = sourcecode.c.h; path = DGActivityIndicatorBallGridPulseAnimation.h; sourceTree = "<group>"; };
		597E23251CC1DFEF009DCA6B /* DGActivityIndicatorBallGridPulseAnimation.m */ = {isa = PBXFileReference; fileEncoding = 4; lastKnownFileType = sourcecode.c.objc; path = DGActivityIndicatorBallGridPulseAnimation.m; sourceTree = "<group>"; };
		597E23261CC1DFEF009DCA6B /* DGActivityIndicatorBallPulseAnimation.h */ = {isa = PBXFileReference; fileEncoding = 4; lastKnownFileType = sourcecode.c.h; path = DGActivityIndicatorBallPulseAnimation.h; sourceTree = "<group>"; };
		597E23271CC1DFEF009DCA6B /* DGActivityIndicatorBallPulseAnimation.m */ = {isa = PBXFileReference; fileEncoding = 4; lastKnownFileType = sourcecode.c.objc; path = DGActivityIndicatorBallPulseAnimation.m; sourceTree = "<group>"; };
		597E23281CC1DFEF009DCA6B /* DGActivityIndicatorBallPulseSyncAnimation.h */ = {isa = PBXFileReference; fileEncoding = 4; lastKnownFileType = sourcecode.c.h; path = DGActivityIndicatorBallPulseSyncAnimation.h; sourceTree = "<group>"; };
		597E23291CC1DFEF009DCA6B /* DGActivityIndicatorBallPulseSyncAnimation.m */ = {isa = PBXFileReference; fileEncoding = 4; lastKnownFileType = sourcecode.c.objc; path = DGActivityIndicatorBallPulseSyncAnimation.m; sourceTree = "<group>"; };
		597E232A1CC1DFEF009DCA6B /* DGActivityIndicatorBallRotateAnimation.h */ = {isa = PBXFileReference; fileEncoding = 4; lastKnownFileType = sourcecode.c.h; path = DGActivityIndicatorBallRotateAnimation.h; sourceTree = "<group>"; };
		597E232B1CC1DFEF009DCA6B /* DGActivityIndicatorBallRotateAnimation.m */ = {isa = PBXFileReference; fileEncoding = 4; lastKnownFileType = sourcecode.c.objc; path = DGActivityIndicatorBallRotateAnimation.m; sourceTree = "<group>"; };
		597E232C1CC1DFEF009DCA6B /* DGActivityIndicatorBallScaleAnimation.h */ = {isa = PBXFileReference; fileEncoding = 4; lastKnownFileType = sourcecode.c.h; path = DGActivityIndicatorBallScaleAnimation.h; sourceTree = "<group>"; };
		597E232D1CC1DFEF009DCA6B /* DGActivityIndicatorBallScaleAnimation.m */ = {isa = PBXFileReference; fileEncoding = 4; lastKnownFileType = sourcecode.c.objc; path = DGActivityIndicatorBallScaleAnimation.m; sourceTree = "<group>"; };
		597E232E1CC1DFEF009DCA6B /* DGActivityIndicatorBallScaleMultipleAnimation.h */ = {isa = PBXFileReference; fileEncoding = 4; lastKnownFileType = sourcecode.c.h; path = DGActivityIndicatorBallScaleMultipleAnimation.h; sourceTree = "<group>"; };
		597E232F1CC1DFEF009DCA6B /* DGActivityIndicatorBallScaleMultipleAnimation.m */ = {isa = PBXFileReference; fileEncoding = 4; lastKnownFileType = sourcecode.c.objc; path = DGActivityIndicatorBallScaleMultipleAnimation.m; sourceTree = "<group>"; };
		597E23301CC1DFEF009DCA6B /* DGActivityIndicatorBallScaleRippleAnimation.h */ = {isa = PBXFileReference; fileEncoding = 4; lastKnownFileType = sourcecode.c.h; path = DGActivityIndicatorBallScaleRippleAnimation.h; sourceTree = "<group>"; };
		597E23311CC1DFEF009DCA6B /* DGActivityIndicatorBallScaleRippleAnimation.m */ = {isa = PBXFileReference; fileEncoding = 4; lastKnownFileType = sourcecode.c.objc; path = DGActivityIndicatorBallScaleRippleAnimation.m; sourceTree = "<group>"; };
		597E23321CC1DFEF009DCA6B /* DGActivityIndicatorBallScaleRippleMultipleAnimation.h */ = {isa = PBXFileReference; fileEncoding = 4; lastKnownFileType = sourcecode.c.h; path = DGActivityIndicatorBallScaleRippleMultipleAnimation.h; sourceTree = "<group>"; };
		597E23331CC1DFEF009DCA6B /* DGActivityIndicatorBallScaleRippleMultipleAnimation.m */ = {isa = PBXFileReference; fileEncoding = 4; lastKnownFileType = sourcecode.c.objc; path = DGActivityIndicatorBallScaleRippleMultipleAnimation.m; sourceTree = "<group>"; };
		597E23341CC1DFEF009DCA6B /* DGActivityIndicatorBallSpinFadeLoader.h */ = {isa = PBXFileReference; fileEncoding = 4; lastKnownFileType = sourcecode.c.h; path = DGActivityIndicatorBallSpinFadeLoader.h; sourceTree = "<group>"; };
		597E23351CC1DFEF009DCA6B /* DGActivityIndicatorBallSpinFadeLoader.m */ = {isa = PBXFileReference; fileEncoding = 4; lastKnownFileType = sourcecode.c.objc; path = DGActivityIndicatorBallSpinFadeLoader.m; sourceTree = "<group>"; };
		597E23361CC1DFEF009DCA6B /* DGActivityIndicatorBallTrianglePathAnimation.h */ = {isa = PBXFileReference; fileEncoding = 4; lastKnownFileType = sourcecode.c.h; path = DGActivityIndicatorBallTrianglePathAnimation.h; sourceTree = "<group>"; };
		597E23371CC1DFEF009DCA6B /* DGActivityIndicatorBallTrianglePathAnimation.m */ = {isa = PBXFileReference; fileEncoding = 4; lastKnownFileType = sourcecode.c.objc; path = DGActivityIndicatorBallTrianglePathAnimation.m; sourceTree = "<group>"; };
		597E23381CC1DFEF009DCA6B /* DGActivityIndicatorBallZigZagAnimation.h */ = {isa = PBXFileReference; fileEncoding = 4; lastKnownFileType = sourcecode.c.h; path = DGActivityIndicatorBallZigZagAnimation.h; sourceTree = "<group>"; };
		597E23391CC1DFEF009DCA6B /* DGActivityIndicatorBallZigZagAnimation.m */ = {isa = PBXFileReference; fileEncoding = 4; lastKnownFileType = sourcecode.c.objc; path = DGActivityIndicatorBallZigZagAnimation.m; sourceTree = "<group>"; };
		597E233A1CC1DFEF009DCA6B /* DGActivityIndicatorBallZigZagDeflectAnimation.h */ = {isa = PBXFileReference; fileEncoding = 4; lastKnownFileType = sourcecode.c.h; path = DGActivityIndicatorBallZigZagDeflectAnimation.h; sourceTree = "<group>"; };
		597E233B1CC1DFEF009DCA6B /* DGActivityIndicatorBallZigZagDeflectAnimation.m */ = {isa = PBXFileReference; fileEncoding = 4; lastKnownFileType = sourcecode.c.objc; path = DGActivityIndicatorBallZigZagDeflectAnimation.m; sourceTree = "<group>"; };
		597E233C1CC1DFEF009DCA6B /* DGActivityIndicatorCookieTerminatorAnimation.h */ = {isa = PBXFileReference; fileEncoding = 4; lastKnownFileType = sourcecode.c.h; path = DGActivityIndicatorCookieTerminatorAnimation.h; sourceTree = "<group>"; };
		597E233D1CC1DFEF009DCA6B /* DGActivityIndicatorCookieTerminatorAnimation.m */ = {isa = PBXFileReference; fileEncoding = 4; lastKnownFileType = sourcecode.c.objc; path = DGActivityIndicatorCookieTerminatorAnimation.m; sourceTree = "<group>"; };
		597E233E1CC1DFEF009DCA6B /* DGActivityIndicatorDoubleBounceAnimation.h */ = {isa = PBXFileReference; fileEncoding = 4; lastKnownFileType = sourcecode.c.h; path = DGActivityIndicatorDoubleBounceAnimation.h; sourceTree = "<group>"; };
		597E233F1CC1DFEF009DCA6B /* DGActivityIndicatorDoubleBounceAnimation.m */ = {isa = PBXFileReference; fileEncoding = 4; lastKnownFileType = sourcecode.c.objc; path = DGActivityIndicatorDoubleBounceAnimation.m; sourceTree = "<group>"; };
		597E23401CC1DFEF009DCA6B /* DGActivityIndicatorFiveDotsAnimation.h */ = {isa = PBXFileReference; fileEncoding = 4; lastKnownFileType = sourcecode.c.h; path = DGActivityIndicatorFiveDotsAnimation.h; sourceTree = "<group>"; };
		597E23411CC1DFEF009DCA6B /* DGActivityIndicatorFiveDotsAnimation.m */ = {isa = PBXFileReference; fileEncoding = 4; lastKnownFileType = sourcecode.c.objc; path = DGActivityIndicatorFiveDotsAnimation.m; sourceTree = "<group>"; };
		597E23421CC1DFEF009DCA6B /* DGActivityIndicatorLineScaleAnimation.h */ = {isa = PBXFileReference; fileEncoding = 4; lastKnownFileType = sourcecode.c.h; path = DGActivityIndicatorLineScaleAnimation.h; sourceTree = "<group>"; };
		597E23431CC1DFEF009DCA6B /* DGActivityIndicatorLineScaleAnimation.m */ = {isa = PBXFileReference; fileEncoding = 4; lastKnownFileType = sourcecode.c.objc; path = DGActivityIndicatorLineScaleAnimation.m; sourceTree = "<group>"; };
		597E23441CC1DFEF009DCA6B /* DGActivityIndicatorLineScalePartyAnimation.h */ = {isa = PBXFileReference; fileEncoding = 4; lastKnownFileType = sourcecode.c.h; path = DGActivityIndicatorLineScalePartyAnimation.h; sourceTree = "<group>"; };
		597E23451CC1DFEF009DCA6B /* DGActivityIndicatorLineScalePartyAnimation.m */ = {isa = PBXFileReference; fileEncoding = 4; lastKnownFileType = sourcecode.c.objc; path = DGActivityIndicatorLineScalePartyAnimation.m; sourceTree = "<group>"; };
		597E23461CC1DFEF009DCA6B /* DGActivityIndicatorLineScalePulseOutAnimation.h */ = {isa = PBXFileReference; fileEncoding = 4; lastKnownFileType = sourcecode.c.h; path = DGActivityIndicatorLineScalePulseOutAnimation.h; sourceTree = "<group>"; };
		597E23471CC1DFEF009DCA6B /* DGActivityIndicatorLineScalePulseOutAnimation.m */ = {isa = PBXFileReference; fileEncoding = 4; lastKnownFileType = sourcecode.c.objc; path = DGActivityIndicatorLineScalePulseOutAnimation.m; sourceTree = "<group>"; };
		597E23481CC1DFEF009DCA6B /* DGActivityIndicatorLineScalePulseOutRapidAnimation.h */ = {isa = PBXFileReference; fileEncoding = 4; lastKnownFileType = sourcecode.c.h; path = DGActivityIndicatorLineScalePulseOutRapidAnimation.h; sourceTree = "<group>"; };
		597E23491CC1DFEF009DCA6B /* DGActivityIndicatorLineScalePulseOutRapidAnimation.m */ = {isa = PBXFileReference; fileEncoding = 4; lastKnownFileType = sourcecode.c.objc; path = DGActivityIndicatorLineScalePulseOutRapidAnimation.m; sourceTree = "<group>"; };
		597E234A1CC1DFEF009DCA6B /* DGActivityIndicatorNineDotsAnimation.h */ = {isa = PBXFileReference; fileEncoding = 4; lastKnownFileType = sourcecode.c.h; path = DGActivityIndicatorNineDotsAnimation.h; sourceTree = "<group>"; };
		597E234B1CC1DFEF009DCA6B /* DGActivityIndicatorNineDotsAnimation.m */ = {isa = PBXFileReference; fileEncoding = 4; lastKnownFileType = sourcecode.c.objc; path = DGActivityIndicatorNineDotsAnimation.m; sourceTree = "<group>"; };
		597E234C1CC1DFEF009DCA6B /* DGActivityIndicatorRotatingSandglassAnimation.h */ = {isa = PBXFileReference; fileEncoding = 4; lastKnownFileType = sourcecode.c.h; path = DGActivityIndicatorRotatingSandglassAnimation.h; sourceTree = "<group>"; };
		597E234D1CC1DFEF009DCA6B /* DGActivityIndicatorRotatingSandglassAnimation.m */ = {isa = PBXFileReference; fileEncoding = 4; lastKnownFileType = sourcecode.c.objc; path = DGActivityIndicatorRotatingSandglassAnimation.m; sourceTree = "<group>"; };
		597E234E1CC1DFEF009DCA6B /* DGActivityIndicatorRotatingSquaresAnimation.h */ = {isa = PBXFileReference; fileEncoding = 4; lastKnownFileType = sourcecode.c.h; path = DGActivityIndicatorRotatingSquaresAnimation.h; sourceTree = "<group>"; };
		597E234F1CC1DFEF009DCA6B /* DGActivityIndicatorRotatingSquaresAnimation.m */ = {isa = PBXFileReference; fileEncoding = 4; lastKnownFileType = sourcecode.c.objc; path = DGActivityIndicatorRotatingSquaresAnimation.m; sourceTree = "<group>"; };
		597E23501CC1DFEF009DCA6B /* DGActivityIndicatorRotatingTrigonAnimation.h */ = {isa = PBXFileReference; fileEncoding = 4; lastKnownFileType = sourcecode.c.h; path = DGActivityIndicatorRotatingTrigonAnimation.h; sourceTree = "<group>"; };
		597E23511CC1DFEF009DCA6B /* DGActivityIndicatorRotatingTrigonAnimation.m */ = {isa = PBXFileReference; fileEncoding = 4; lastKnownFileType = sourcecode.c.objc; path = DGActivityIndicatorRotatingTrigonAnimation.m; sourceTree = "<group>"; };
		597E23521CC1DFEF009DCA6B /* DGActivityIndicatorThreeDotsAnimation.h */ = {isa = PBXFileReference; fileEncoding = 4; lastKnownFileType = sourcecode.c.h; path = DGActivityIndicatorThreeDotsAnimation.h; sourceTree = "<group>"; };
		597E23531CC1DFEF009DCA6B /* DGActivityIndicatorThreeDotsAnimation.m */ = {isa = PBXFileReference; fileEncoding = 4; lastKnownFileType = sourcecode.c.objc; path = DGActivityIndicatorThreeDotsAnimation.m; sourceTree = "<group>"; };
		597E23541CC1DFEF009DCA6B /* DGActivityIndicatorTriangleSkewSpinAnimation.h */ = {isa = PBXFileReference; fileEncoding = 4; lastKnownFileType = sourcecode.c.h; path = DGActivityIndicatorTriangleSkewSpinAnimation.h; sourceTree = "<group>"; };
		597E23551CC1DFEF009DCA6B /* DGActivityIndicatorTriangleSkewSpinAnimation.m */ = {isa = PBXFileReference; fileEncoding = 4; lastKnownFileType = sourcecode.c.objc; path = DGActivityIndicatorTriangleSkewSpinAnimation.m; sourceTree = "<group>"; };
		597E23561CC1DFEF009DCA6B /* DGActivityIndicatorTriplePulseAnimation.h */ = {isa = PBXFileReference; fileEncoding = 4; lastKnownFileType = sourcecode.c.h; path = DGActivityIndicatorTriplePulseAnimation.h; sourceTree = "<group>"; };
		597E23571CC1DFEF009DCA6B /* DGActivityIndicatorTriplePulseAnimation.m */ = {isa = PBXFileReference; fileEncoding = 4; lastKnownFileType = sourcecode.c.objc; path = DGActivityIndicatorTriplePulseAnimation.m; sourceTree = "<group>"; };
		597E23581CC1DFEF009DCA6B /* DGActivityIndicatorTripleRingsAnimation.h */ = {isa = PBXFileReference; fileEncoding = 4; lastKnownFileType = sourcecode.c.h; path = DGActivityIndicatorTripleRingsAnimation.h; sourceTree = "<group>"; };
		597E23591CC1DFEF009DCA6B /* DGActivityIndicatorTripleRingsAnimation.m */ = {isa = PBXFileReference; fileEncoding = 4; lastKnownFileType = sourcecode.c.objc; path = DGActivityIndicatorTripleRingsAnimation.m; sourceTree = "<group>"; };
		597E235A1CC1DFEF009DCA6B /* DGActivityIndicatorTwoDotsAnimation.h */ = {isa = PBXFileReference; fileEncoding = 4; lastKnownFileType = sourcecode.c.h; path = DGActivityIndicatorTwoDotsAnimation.h; sourceTree = "<group>"; };
		597E235B1CC1DFEF009DCA6B /* DGActivityIndicatorTwoDotsAnimation.m */ = {isa = PBXFileReference; fileEncoding = 4; lastKnownFileType = sourcecode.c.objc; path = DGActivityIndicatorTwoDotsAnimation.m; sourceTree = "<group>"; };
		597E235C1CC1DFEF009DCA6B /* DGActivityIndicatorAnimationProtocol.h */ = {isa = PBXFileReference; fileEncoding = 4; lastKnownFileType = sourcecode.c.h; path = DGActivityIndicatorAnimationProtocol.h; sourceTree = "<group>"; };
		597E235D1CC1DFEF009DCA6B /* DGActivityIndicatorView.h */ = {isa = PBXFileReference; fileEncoding = 4; lastKnownFileType = sourcecode.c.h; path = DGActivityIndicatorView.h; sourceTree = "<group>"; };
		597E235E1CC1DFEF009DCA6B /* DGActivityIndicatorView.m */ = {isa = PBXFileReference; fileEncoding = 4; lastKnownFileType = sourcecode.c.objc; path = DGActivityIndicatorView.m; sourceTree = "<group>"; };
		597E23811CC1E228009DCA6B /* ChooseProvinceViewController.h */ = {isa = PBXFileReference; fileEncoding = 4; lastKnownFileType = sourcecode.c.h; path = ChooseProvinceViewController.h; sourceTree = "<group>"; };
		597E23821CC1E228009DCA6B /* ChooseProvinceViewController.m */ = {isa = PBXFileReference; fileEncoding = 4; lastKnownFileType = sourcecode.c.objc; path = ChooseProvinceViewController.m; sourceTree = "<group>"; };
		597E23841CC1E241009DCA6B /* ChooseCityViewController.h */ = {isa = PBXFileReference; fileEncoding = 4; lastKnownFileType = sourcecode.c.h; path = ChooseCityViewController.h; sourceTree = "<group>"; };
		597E23851CC1E241009DCA6B /* ChooseCityViewController.m */ = {isa = PBXFileReference; fileEncoding = 4; lastKnownFileType = sourcecode.c.objc; path = ChooseCityViewController.m; sourceTree = "<group>"; };
		597E23871CC1E326009DCA6B /* ProvinceCityTableViewCell.h */ = {isa = PBXFileReference; fileEncoding = 4; lastKnownFileType = sourcecode.c.h; path = ProvinceCityTableViewCell.h; sourceTree = "<group>"; };
		597E23881CC1E326009DCA6B /* ProvinceCityTableViewCell.m */ = {isa = PBXFileReference; fileEncoding = 4; lastKnownFileType = sourcecode.c.objc; path = ProvinceCityTableViewCell.m; sourceTree = "<group>"; };
		599F42501CCB04F6001BC33A /* HotForumsViewController.h */ = {isa = PBXFileReference; fileEncoding = 4; lastKnownFileType = sourcecode.c.h; path = HotForumsViewController.h; sourceTree = "<group>"; };
		599F42511CCB04F6001BC33A /* HotForumsViewController.m */ = {isa = PBXFileReference; fileEncoding = 4; lastKnownFileType = sourcecode.c.objc; path = HotForumsViewController.m; sourceTree = "<group>"; };
		599F42531CCB0BE2001BC33A /* ForumModels.h */ = {isa = PBXFileReference; fileEncoding = 4; lastKnownFileType = sourcecode.c.h; path = ForumModels.h; sourceTree = "<group>"; };
		599F42541CCB0BE2001BC33A /* ForumModels.m */ = {isa = PBXFileReference; fileEncoding = 4; lastKnownFileType = sourcecode.c.objc; path = ForumModels.m; sourceTree = "<group>"; };
		599F42561CCB1350001BC33A /* CreateForumStepOneViewController.h */ = {isa = PBXFileReference; fileEncoding = 4; lastKnownFileType = sourcecode.c.h; path = CreateForumStepOneViewController.h; sourceTree = "<group>"; };
		599F42571CCB1350001BC33A /* CreateForumStepOneViewController.m */ = {isa = PBXFileReference; fileEncoding = 4; lastKnownFileType = sourcecode.c.objc; path = CreateForumStepOneViewController.m; sourceTree = "<group>"; };
		599F42591CCB23A7001BC33A /* CreateForumStepTwoViewController.h */ = {isa = PBXFileReference; fileEncoding = 4; lastKnownFileType = sourcecode.c.h; path = CreateForumStepTwoViewController.h; sourceTree = "<group>"; };
		599F425A1CCB23A7001BC33A /* CreateForumStepTwoViewController.m */ = {isa = PBXFileReference; fileEncoding = 4; lastKnownFileType = sourcecode.c.objc; path = CreateForumStepTwoViewController.m; sourceTree = "<group>"; };
		599F425C1CCB23C7001BC33A /* CreateForumSummaryTableViewController.h */ = {isa = PBXFileReference; fileEncoding = 4; lastKnownFileType = sourcecode.c.h; path = CreateForumSummaryTableViewController.h; sourceTree = "<group>"; };
		599F425D1CCB23C7001BC33A /* CreateForumSummaryTableViewController.m */ = {isa = PBXFileReference; fileEncoding = 4; lastKnownFileType = sourcecode.c.objc; path = CreateForumSummaryTableViewController.m; sourceTree = "<group>"; };
		599F425F1CCB4B24001BC33A /* CategoryCollectionViewCell.h */ = {isa = PBXFileReference; fileEncoding = 4; lastKnownFileType = sourcecode.c.h; path = CategoryCollectionViewCell.h; sourceTree = "<group>"; };
		599F42601CCB4B24001BC33A /* CategoryCollectionViewCell.m */ = {isa = PBXFileReference; fileEncoding = 4; lastKnownFileType = sourcecode.c.objc; path = CategoryCollectionViewCell.m; sourceTree = "<group>"; };
		599F42621CCB4FE8001BC33A /* CreateForumStepThreeViewController.h */ = {isa = PBXFileReference; fileEncoding = 4; lastKnownFileType = sourcecode.c.h; path = CreateForumStepThreeViewController.h; sourceTree = "<group>"; };
		599F42631CCB4FE8001BC33A /* CreateForumStepThreeViewController.m */ = {isa = PBXFileReference; fileEncoding = 4; lastKnownFileType = sourcecode.c.objc; path = CreateForumStepThreeViewController.m; sourceTree = "<group>"; };
		599F42651CCB6A32001BC33A /* ForumItemTableViewCell.h */ = {isa = PBXFileReference; fileEncoding = 4; lastKnownFileType = sourcecode.c.h; path = ForumItemTableViewCell.h; sourceTree = "<group>"; };
		599F42661CCB6A32001BC33A /* ForumItemTableViewCell.m */ = {isa = PBXFileReference; fileEncoding = 4; lastKnownFileType = sourcecode.c.objc; path = ForumItemTableViewCell.m; sourceTree = "<group>"; };
		599F42681CCB9337001BC33A /* RefreshView.h */ = {isa = PBXFileReference; fileEncoding = 4; lastKnownFileType = sourcecode.c.h; path = RefreshView.h; sourceTree = "<group>"; };
		599F42691CCB9337001BC33A /* RefreshView.m */ = {isa = PBXFileReference; fileEncoding = 4; lastKnownFileType = sourcecode.c.objc; path = RefreshView.m; sourceTree = "<group>"; };
		59BD2A8E1C9ACC9D00D9A58C /* JoinUs.app */ = {isa = PBXFileReference; explicitFileType = wrapper.application; includeInIndex = 0; path = JoinUs.app; sourceTree = BUILT_PRODUCTS_DIR; };
		59BD2A921C9ACC9D00D9A58C /* main.m */ = {isa = PBXFileReference; lastKnownFileType = sourcecode.c.objc; path = main.m; sourceTree = "<group>"; };
		59BD2A941C9ACC9D00D9A58C /* AppDelegate.h */ = {isa = PBXFileReference; lastKnownFileType = sourcecode.c.h; path = AppDelegate.h; sourceTree = "<group>"; };
		59BD2A951C9ACC9D00D9A58C /* AppDelegate.m */ = {isa = PBXFileReference; lastKnownFileType = sourcecode.c.objc; path = AppDelegate.m; sourceTree = "<group>"; };
		59BD2A9B1C9ACC9D00D9A58C /* Base */ = {isa = PBXFileReference; lastKnownFileType = file.storyboard; name = Base; path = Base.lproj/Main.storyboard; sourceTree = "<group>"; };
		59BD2A9D1C9ACC9D00D9A58C /* Assets.xcassets */ = {isa = PBXFileReference; lastKnownFileType = folder.assetcatalog; path = Assets.xcassets; sourceTree = "<group>"; };
		59BD2AA01C9ACC9D00D9A58C /* Base */ = {isa = PBXFileReference; lastKnownFileType = file.storyboard; name = Base; path = Base.lproj/LaunchScreen.storyboard; sourceTree = "<group>"; };
		59BD2AA21C9ACC9D00D9A58C /* Info.plist */ = {isa = PBXFileReference; lastKnownFileType = text.plist.xml; path = Info.plist; sourceTree = "<group>"; };
		59BD2AA91C9ADF2300D9A58C /* Info.plist */ = {isa = PBXFileReference; fileEncoding = 4; lastKnownFileType = text.plist.xml; path = Info.plist; sourceTree = "<group>"; };
		59BD2AAB1C9ADF2300D9A58C /* JSONModel.h */ = {isa = PBXFileReference; fileEncoding = 4; lastKnownFileType = sourcecode.c.h; path = JSONModel.h; sourceTree = "<group>"; };
		59BD2AAC1C9ADF2300D9A58C /* JSONModel.m */ = {isa = PBXFileReference; fileEncoding = 4; lastKnownFileType = sourcecode.c.objc; path = JSONModel.m; sourceTree = "<group>"; };
		59BD2AAD1C9ADF2300D9A58C /* JSONModelArray.h */ = {isa = PBXFileReference; fileEncoding = 4; lastKnownFileType = sourcecode.c.h; path = JSONModelArray.h; sourceTree = "<group>"; };
		59BD2AAE1C9ADF2300D9A58C /* JSONModelArray.m */ = {isa = PBXFileReference; fileEncoding = 4; lastKnownFileType = sourcecode.c.objc; path = JSONModelArray.m; sourceTree = "<group>"; };
		59BD2AAF1C9ADF2300D9A58C /* JSONModelClassProperty.h */ = {isa = PBXFileReference; fileEncoding = 4; lastKnownFileType = sourcecode.c.h; path = JSONModelClassProperty.h; sourceTree = "<group>"; };
		59BD2AB01C9ADF2300D9A58C /* JSONModelClassProperty.m */ = {isa = PBXFileReference; fileEncoding = 4; lastKnownFileType = sourcecode.c.objc; path = JSONModelClassProperty.m; sourceTree = "<group>"; };
		59BD2AB11C9ADF2300D9A58C /* JSONModelError.h */ = {isa = PBXFileReference; fileEncoding = 4; lastKnownFileType = sourcecode.c.h; path = JSONModelError.h; sourceTree = "<group>"; };
		59BD2AB21C9ADF2300D9A58C /* JSONModelError.m */ = {isa = PBXFileReference; fileEncoding = 4; lastKnownFileType = sourcecode.c.objc; path = JSONModelError.m; sourceTree = "<group>"; };
		59BD2AB41C9ADF2300D9A58C /* NSArray+JSONModel.h */ = {isa = PBXFileReference; fileEncoding = 4; lastKnownFileType = sourcecode.c.h; path = "NSArray+JSONModel.h"; sourceTree = "<group>"; };
		59BD2AB51C9ADF2300D9A58C /* NSArray+JSONModel.m */ = {isa = PBXFileReference; fileEncoding = 4; lastKnownFileType = sourcecode.c.objc; path = "NSArray+JSONModel.m"; sourceTree = "<group>"; };
		59BD2AB61C9ADF2300D9A58C /* JSONModelLib.h */ = {isa = PBXFileReference; fileEncoding = 4; lastKnownFileType = sourcecode.c.h; path = JSONModelLib.h; sourceTree = "<group>"; };
		59BD2AB81C9ADF2300D9A58C /* JSONAPI.h */ = {isa = PBXFileReference; fileEncoding = 4; lastKnownFileType = sourcecode.c.h; path = JSONAPI.h; sourceTree = "<group>"; };
		59BD2AB91C9ADF2300D9A58C /* JSONAPI.m */ = {isa = PBXFileReference; fileEncoding = 4; lastKnownFileType = sourcecode.c.objc; path = JSONAPI.m; sourceTree = "<group>"; };
		59BD2ABA1C9ADF2300D9A58C /* JSONHTTPClient.h */ = {isa = PBXFileReference; fileEncoding = 4; lastKnownFileType = sourcecode.c.h; path = JSONHTTPClient.h; sourceTree = "<group>"; };
		59BD2ABB1C9ADF2300D9A58C /* JSONHTTPClient.m */ = {isa = PBXFileReference; fileEncoding = 4; lastKnownFileType = sourcecode.c.objc; path = JSONHTTPClient.m; sourceTree = "<group>"; };
		59BD2ABC1C9ADF2300D9A58C /* JSONModel+networking.h */ = {isa = PBXFileReference; fileEncoding = 4; lastKnownFileType = sourcecode.c.h; path = "JSONModel+networking.h"; sourceTree = "<group>"; };
		59BD2ABD1C9ADF2300D9A58C /* JSONModel+networking.m */ = {isa = PBXFileReference; fileEncoding = 4; lastKnownFileType = sourcecode.c.objc; path = "JSONModel+networking.m"; sourceTree = "<group>"; };
		59BD2ABF1C9ADF2300D9A58C /* JSONKeyMapper.h */ = {isa = PBXFileReference; fileEncoding = 4; lastKnownFileType = sourcecode.c.h; path = JSONKeyMapper.h; sourceTree = "<group>"; };
		59BD2AC01C9ADF2300D9A58C /* JSONKeyMapper.m */ = {isa = PBXFileReference; fileEncoding = 4; lastKnownFileType = sourcecode.c.objc; path = JSONKeyMapper.m; sourceTree = "<group>"; };
		59BD2AC11C9ADF2300D9A58C /* JSONValueTransformer.h */ = {isa = PBXFileReference; fileEncoding = 4; lastKnownFileType = sourcecode.c.h; path = JSONValueTransformer.h; sourceTree = "<group>"; };
		59BD2AC21C9ADF2300D9A58C /* JSONValueTransformer.m */ = {isa = PBXFileReference; fileEncoding = 4; lastKnownFileType = sourcecode.c.objc; path = JSONValueTransformer.m; sourceTree = "<group>"; };
		59BF18AF1CB74C1B00033F41 /* LoginAndRegister.storyboard */ = {isa = PBXFileReference; fileEncoding = 4; lastKnownFileType = file.storyboard; path = LoginAndRegister.storyboard; sourceTree = "<group>"; };
		59BF18B01CB74C1B00033F41 /* RegisterGetVerifyCodeViewController.m */ = {isa = PBXFileReference; fileEncoding = 4; lastKnownFileType = sourcecode.c.objc; path = RegisterGetVerifyCodeViewController.m; sourceTree = "<group>"; };
		59BF18B11CB74C1B00033F41 /* RegisterWithVerifyCodeViewController.m */ = {isa = PBXFileReference; fileEncoding = 4; lastKnownFileType = sourcecode.c.objc; path = RegisterWithVerifyCodeViewController.m; sourceTree = "<group>"; };
		59BF18B21CB74C1B00033F41 /* LoginWithPasswordViewController.m */ = {isa = PBXFileReference; fileEncoding = 4; lastKnownFileType = sourcecode.c.objc; path = LoginWithPasswordViewController.m; sourceTree = "<group>"; };
		59BF18B31CB74C1B00033F41 /* RegisterWithVerifyCodeViewController.h */ = {isa = PBXFileReference; fileEncoding = 4; lastKnownFileType = sourcecode.c.h; path = RegisterWithVerifyCodeViewController.h; sourceTree = "<group>"; };
		59BF18B41CB74C1B00033F41 /* RegisterGetVerifyCodeViewController.h */ = {isa = PBXFileReference; fileEncoding = 4; lastKnownFileType = sourcecode.c.h; path = RegisterGetVerifyCodeViewController.h; sourceTree = "<group>"; };
		59BF18B51CB74C1B00033F41 /* LoginWithPasswordViewController.h */ = {isa = PBXFileReference; fileEncoding = 4; lastKnownFileType = sourcecode.c.h; path = LoginWithPasswordViewController.h; sourceTree = "<group>"; };
		59CF08AD1CB88A1200FD2040 /* UpdatePhotoViewController.h */ = {isa = PBXFileReference; fileEncoding = 4; lastKnownFileType = sourcecode.c.h; path = UpdatePhotoViewController.h; sourceTree = "<group>"; };
		59CF08AE1CB88A1200FD2040 /* UpdatePhotoViewController.m */ = {isa = PBXFileReference; fileEncoding = 4; lastKnownFileType = sourcecode.c.objc; path = UpdatePhotoViewController.m; sourceTree = "<group>"; };
		59CF08B01CB8F0E300FD2040 /* UpdatePasswordViewController.h */ = {isa = PBXFileReference; fileEncoding = 4; lastKnownFileType = sourcecode.c.h; path = UpdatePasswordViewController.h; sourceTree = "<group>"; };
		59CF08B11CB8F0E300FD2040 /* UpdatePasswordViewController.m */ = {isa = PBXFileReference; fileEncoding = 4; lastKnownFileType = sourcecode.c.objc; path = UpdatePasswordViewController.m; sourceTree = "<group>"; };
		59CF08B31CB925AF00FD2040 /* UpdateNameViewController.h */ = {isa = PBXFileReference; fileEncoding = 4; lastKnownFileType = sourcecode.c.h; path = UpdateNameViewController.h; sourceTree = "<group>"; };
		59CF08B41CB925AF00FD2040 /* UpdateNameViewController.m */ = {isa = PBXFileReference; fileEncoding = 4; lastKnownFileType = sourcecode.c.objc; path = UpdateNameViewController.m; sourceTree = "<group>"; };
		59CF80D11CA627FE005F0CA6 /* UserModels.h */ = {isa = PBXFileReference; fileEncoding = 4; lastKnownFileType = sourcecode.c.h; path = UserModels.h; sourceTree = "<group>"; };
		59CF80D21CA627FE005F0CA6 /* UserModels.m */ = {isa = PBXFileReference; fileEncoding = 4; lastKnownFileType = sourcecode.c.objc; path = UserModels.m; sourceTree = "<group>"; };
		59CF80D41CA667ED005F0CA6 /* PersonalViewController.h */ = {isa = PBXFileReference; fileEncoding = 4; lastKnownFileType = sourcecode.c.h; path = PersonalViewController.h; sourceTree = "<group>"; };
		59CF80D51CA667ED005F0CA6 /* PersonalViewController.m */ = {isa = PBXFileReference; fileEncoding = 4; lastKnownFileType = sourcecode.c.objc; path = PersonalViewController.m; sourceTree = "<group>"; };
		59D191DF1C9D82E500FF696C /* NetworkManager.h */ = {isa = PBXFileReference; fileEncoding = 4; lastKnownFileType = sourcecode.c.h; path = NetworkManager.h; sourceTree = "<group>"; };
		59D191E01C9D82E500FF696C /* NetworkManager.m */ = {isa = PBXFileReference; fileEncoding = 4; lastKnownFileType = sourcecode.c.objc; path = NetworkManager.m; sourceTree = "<group>"; };
		59D1C1E11CBFB3AD006D1A26 /* CoreAnimationViewController.h */ = {isa = PBXFileReference; fileEncoding = 4; lastKnownFileType = sourcecode.c.h; path = CoreAnimationViewController.h; sourceTree = "<group>"; };
		59D1C1E21CBFB3AD006D1A26 /* CoreAnimationViewController.m */ = {isa = PBXFileReference; fileEncoding = 4; lastKnownFileType = sourcecode.c.objc; path = CoreAnimationViewController.m; sourceTree = "<group>"; };
		59D1C1E41CBFC748006D1A26 /* GMDCircleLoader.h */ = {isa = PBXFileReference; fileEncoding = 4; lastKnownFileType = sourcecode.c.h; path = GMDCircleLoader.h; sourceTree = "<group>"; };
		59D1C1E51CBFC748006D1A26 /* GMDCircleLoader.m */ = {isa = PBXFileReference; fileEncoding = 4; lastKnownFileType = sourcecode.c.objc; path = GMDCircleLoader.m; sourceTree = "<group>"; };
		59E4582C1CA02AEF00A48E95 /* Models.h */ = {isa = PBXFileReference; fileEncoding = 4; lastKnownFileType = sourcecode.c.h; path = Models.h; sourceTree = "<group>"; };
		59E4582D1CA02AEF00A48E95 /* Models.m */ = {isa = PBXFileReference; fileEncoding = 4; lastKnownFileType = sourcecode.c.objc; path = Models.m; sourceTree = "<group>"; };
/* End PBXFileReference section */

/* Begin PBXFrameworksBuildPhase section */
		59BD2A8B1C9ACC9D00D9A58C /* Frameworks */ = {
			isa = PBXFrameworksBuildPhase;
			buildActionMask = 2147483647;
			files = (
			);
			runOnlyForDeploymentPostprocessing = 0;
		};
/* End PBXFrameworksBuildPhase section */

/* Begin PBXGroup section */
		5952D1F61C9D3E4E00E761F9 /* Forum */ = {
			isa = PBXGroup;
			children = (
				5952D1FF1C9D415100E761F9 /* Forum.storyboard */,
				59363F461CCE322B00EEDC96 /* ForumHomeViewController.h */,
				59363F471CCE322B00EEDC96 /* ForumHomeViewController.m */,
				599F42501CCB04F6001BC33A /* HotForumsViewController.h */,
				599F42511CCB04F6001BC33A /* HotForumsViewController.m */,
				599F42561CCB1350001BC33A /* CreateForumStepOneViewController.h */,
				599F42571CCB1350001BC33A /* CreateForumStepOneViewController.m */,
				599F42591CCB23A7001BC33A /* CreateForumStepTwoViewController.h */,
				599F425A1CCB23A7001BC33A /* CreateForumStepTwoViewController.m */,
				599F42621CCB4FE8001BC33A /* CreateForumStepThreeViewController.h */,
				599F42631CCB4FE8001BC33A /* CreateForumStepThreeViewController.m */,
				599F425C1CCB23C7001BC33A /* CreateForumSummaryTableViewController.h */,
				599F425D1CCB23C7001BC33A /* CreateForumSummaryTableViewController.m */,
				599F425F1CCB4B24001BC33A /* CategoryCollectionViewCell.h */,
				599F42601CCB4B24001BC33A /* CategoryCollectionViewCell.m */,
				599F42651CCB6A32001BC33A /* ForumItemTableViewCell.h */,
				599F42661CCB6A32001BC33A /* ForumItemTableViewCell.m */,
				599F42681CCB9337001BC33A /* RefreshView.h */,
				599F42691CCB9337001BC33A /* RefreshView.m */,
			);
			path = Forum;
			sourceTree = "<group>";
		};
		5952D1F71C9D3E4E00E761F9 /* Home */ = {
			isa = PBXGroup;
			children = (
				5952D1FD1C9D408000E761F9 /* Home.storyboard */,
				59D1C1E11CBFB3AD006D1A26 /* CoreAnimationViewController.h */,
				59D1C1E21CBFB3AD006D1A26 /* CoreAnimationViewController.m */,
			);
			path = Home;
			sourceTree = "<group>";
		};
		5952D1F81C9D3E4E00E761F9 /* Market */ = {
			isa = PBXGroup;
			children = (
				5952D2011C9D41F200E761F9 /* Market.storyboard */,
			);
			path = Market;
			sourceTree = "<group>";
		};
		5952D1F91C9D3E4E00E761F9 /* Message */ = {
			isa = PBXGroup;
			children = (
				5952D2031C9D434D00E761F9 /* Message.storyboard */,
			);
			path = Message;
			sourceTree = "<group>";
		};
		5952D1FA1C9D3E4E00E761F9 /* Personal */ = {
			isa = PBXGroup;
			children = (
				595E7F2A1CB677D70046B0A0 /* LoginAndRegister */,
				5952D2071C9D441300E761F9 /* Personal.storyboard */,
				59CF80D41CA667ED005F0CA6 /* PersonalViewController.h */,
				59CF80D51CA667ED005F0CA6 /* PersonalViewController.m */,
				59657BC81CAD51B20013F1F8 /* MyProfileTableViewController.h */,
				59657BC91CAD51B20013F1F8 /* MyProfileTableViewController.m */,
				59CF08AD1CB88A1200FD2040 /* UpdatePhotoViewController.h */,
				59CF08AE1CB88A1200FD2040 /* UpdatePhotoViewController.m */,
				59CF08B01CB8F0E300FD2040 /* UpdatePasswordViewController.h */,
				59CF08B11CB8F0E300FD2040 /* UpdatePasswordViewController.m */,
				59CF08B31CB925AF00FD2040 /* UpdateNameViewController.h */,
				59CF08B41CB925AF00FD2040 /* UpdateNameViewController.m */,
				597E23811CC1E228009DCA6B /* ChooseProvinceViewController.h */,
				597E23821CC1E228009DCA6B /* ChooseProvinceViewController.m */,
				597E23841CC1E241009DCA6B /* ChooseCityViewController.h */,
				597E23851CC1E241009DCA6B /* ChooseCityViewController.m */,
				597E23871CC1E326009DCA6B /* ProvinceCityTableViewCell.h */,
				597E23881CC1E326009DCA6B /* ProvinceCityTableViewCell.m */,
			);
			path = Personal;
			sourceTree = "<group>";
		};
		5952D1FC1C9D3E4E00E761F9 /* Utils */ = {
			isa = PBXGroup;
			children = (
				597E23181CC1DFEF009DCA6B /* DGActivityIndicatorView */,
				597E23151CC1DF82009DCA6B /* NSString+Validation.h */,
				597E23161CC1DF82009DCA6B /* NSString+Validation.m */,
				59D1C1E41CBFC748006D1A26 /* GMDCircleLoader.h */,
				59D1C1E51CBFC748006D1A26 /* GMDCircleLoader.m */,
				591E1C871CA40A0400045E39 /* UIView+Toast.h */,
				591E1C881CA40A0400045E39 /* UIView+Toast.m */,
				5952D2211C9D4FED00E761F9 /* UIColor+Utils.h */,
				5952D2221C9D4FED00E761F9 /* UIColor+Utils.m */,
				5952D2241C9D50A700E761F9 /* Utils.h */,
				5952D2251C9D50A700E761F9 /* Utils.m */,
			);
			path = Utils;
			sourceTree = "<group>";
		};
		595E7F2A1CB677D70046B0A0 /* LoginAndRegister */ = {
			isa = PBXGroup;
			children = (
				59BF18AF1CB74C1B00033F41 /* LoginAndRegister.storyboard */,
				59BF18B01CB74C1B00033F41 /* RegisterGetVerifyCodeViewController.m */,
				59BF18B11CB74C1B00033F41 /* RegisterWithVerifyCodeViewController.m */,
				59BF18B21CB74C1B00033F41 /* LoginWithPasswordViewController.m */,
				59BF18B31CB74C1B00033F41 /* RegisterWithVerifyCodeViewController.h */,
				59BF18B41CB74C1B00033F41 /* RegisterGetVerifyCodeViewController.h */,
				59BF18B51CB74C1B00033F41 /* LoginWithPasswordViewController.h */,
			);
			path = LoginAndRegister;
			sourceTree = "<group>";
		};
		597E23181CC1DFEF009DCA6B /* DGActivityIndicatorView */ = {
			isa = PBXGroup;
			children = (
				597E23191CC1DFEF009DCA6B /* Animations */,
				597E235C1CC1DFEF009DCA6B /* DGActivityIndicatorAnimationProtocol.h */,
				597E235D1CC1DFEF009DCA6B /* DGActivityIndicatorView.h */,
				597E235E1CC1DFEF009DCA6B /* DGActivityIndicatorView.m */,
			);
			path = DGActivityIndicatorView;
			sourceTree = "<group>";
		};
		597E23191CC1DFEF009DCA6B /* Animations */ = {
			isa = PBXGroup;
			children = (
				597E231A1CC1DFEF009DCA6B /* DGActivityIndicatorBallBeatAnimation.h */,
				597E231B1CC1DFEF009DCA6B /* DGActivityIndicatorBallBeatAnimation.m */,
				597E231C1CC1DFEF009DCA6B /* DGActivityIndicatorBallClipRotateAnimation.h */,
				597E231D1CC1DFEF009DCA6B /* DGActivityIndicatorBallClipRotateAnimation.m */,
				597E231E1CC1DFEF009DCA6B /* DGActivityIndicatorBallClipRotateMultipleAnimation.h */,
				597E231F1CC1DFEF009DCA6B /* DGActivityIndicatorBallClipRotateMultipleAnimation.m */,
				597E23201CC1DFEF009DCA6B /* DGActivityIndicatorBallClipRotatePulseAnimation.h */,
				597E23211CC1DFEF009DCA6B /* DGActivityIndicatorBallClipRotatePulseAnimation.m */,
				597E23221CC1DFEF009DCA6B /* DGActivityIndicatorBallGridBeatAnimation.h */,
				597E23231CC1DFEF009DCA6B /* DGActivityIndicatorBallGridBeatAnimation.m */,
				597E23241CC1DFEF009DCA6B /* DGActivityIndicatorBallGridPulseAnimation.h */,
				597E23251CC1DFEF009DCA6B /* DGActivityIndicatorBallGridPulseAnimation.m */,
				597E23261CC1DFEF009DCA6B /* DGActivityIndicatorBallPulseAnimation.h */,
				597E23271CC1DFEF009DCA6B /* DGActivityIndicatorBallPulseAnimation.m */,
				597E23281CC1DFEF009DCA6B /* DGActivityIndicatorBallPulseSyncAnimation.h */,
				597E23291CC1DFEF009DCA6B /* DGActivityIndicatorBallPulseSyncAnimation.m */,
				597E232A1CC1DFEF009DCA6B /* DGActivityIndicatorBallRotateAnimation.h */,
				597E232B1CC1DFEF009DCA6B /* DGActivityIndicatorBallRotateAnimation.m */,
				597E232C1CC1DFEF009DCA6B /* DGActivityIndicatorBallScaleAnimation.h */,
				597E232D1CC1DFEF009DCA6B /* DGActivityIndicatorBallScaleAnimation.m */,
				597E232E1CC1DFEF009DCA6B /* DGActivityIndicatorBallScaleMultipleAnimation.h */,
				597E232F1CC1DFEF009DCA6B /* DGActivityIndicatorBallScaleMultipleAnimation.m */,
				597E23301CC1DFEF009DCA6B /* DGActivityIndicatorBallScaleRippleAnimation.h */,
				597E23311CC1DFEF009DCA6B /* DGActivityIndicatorBallScaleRippleAnimation.m */,
				597E23321CC1DFEF009DCA6B /* DGActivityIndicatorBallScaleRippleMultipleAnimation.h */,
				597E23331CC1DFEF009DCA6B /* DGActivityIndicatorBallScaleRippleMultipleAnimation.m */,
				597E23341CC1DFEF009DCA6B /* DGActivityIndicatorBallSpinFadeLoader.h */,
				597E23351CC1DFEF009DCA6B /* DGActivityIndicatorBallSpinFadeLoader.m */,
				597E23361CC1DFEF009DCA6B /* DGActivityIndicatorBallTrianglePathAnimation.h */,
				597E23371CC1DFEF009DCA6B /* DGActivityIndicatorBallTrianglePathAnimation.m */,
				597E23381CC1DFEF009DCA6B /* DGActivityIndicatorBallZigZagAnimation.h */,
				597E23391CC1DFEF009DCA6B /* DGActivityIndicatorBallZigZagAnimation.m */,
				597E233A1CC1DFEF009DCA6B /* DGActivityIndicatorBallZigZagDeflectAnimation.h */,
				597E233B1CC1DFEF009DCA6B /* DGActivityIndicatorBallZigZagDeflectAnimation.m */,
				597E233C1CC1DFEF009DCA6B /* DGActivityIndicatorCookieTerminatorAnimation.h */,
				597E233D1CC1DFEF009DCA6B /* DGActivityIndicatorCookieTerminatorAnimation.m */,
				597E233E1CC1DFEF009DCA6B /* DGActivityIndicatorDoubleBounceAnimation.h */,
				597E233F1CC1DFEF009DCA6B /* DGActivityIndicatorDoubleBounceAnimation.m */,
				597E23401CC1DFEF009DCA6B /* DGActivityIndicatorFiveDotsAnimation.h */,
				597E23411CC1DFEF009DCA6B /* DGActivityIndicatorFiveDotsAnimation.m */,
				597E23421CC1DFEF009DCA6B /* DGActivityIndicatorLineScaleAnimation.h */,
				597E23431CC1DFEF009DCA6B /* DGActivityIndicatorLineScaleAnimation.m */,
				597E23441CC1DFEF009DCA6B /* DGActivityIndicatorLineScalePartyAnimation.h */,
				597E23451CC1DFEF009DCA6B /* DGActivityIndicatorLineScalePartyAnimation.m */,
				597E23461CC1DFEF009DCA6B /* DGActivityIndicatorLineScalePulseOutAnimation.h */,
				597E23471CC1DFEF009DCA6B /* DGActivityIndicatorLineScalePulseOutAnimation.m */,
				597E23481CC1DFEF009DCA6B /* DGActivityIndicatorLineScalePulseOutRapidAnimation.h */,
				597E23491CC1DFEF009DCA6B /* DGActivityIndicatorLineScalePulseOutRapidAnimation.m */,
				597E234A1CC1DFEF009DCA6B /* DGActivityIndicatorNineDotsAnimation.h */,
				597E234B1CC1DFEF009DCA6B /* DGActivityIndicatorNineDotsAnimation.m */,
				597E234C1CC1DFEF009DCA6B /* DGActivityIndicatorRotatingSandglassAnimation.h */,
				597E234D1CC1DFEF009DCA6B /* DGActivityIndicatorRotatingSandglassAnimation.m */,
				597E234E1CC1DFEF009DCA6B /* DGActivityIndicatorRotatingSquaresAnimation.h */,
				597E234F1CC1DFEF009DCA6B /* DGActivityIndicatorRotatingSquaresAnimation.m */,
				597E23501CC1DFEF009DCA6B /* DGActivityIndicatorRotatingTrigonAnimation.h */,
				597E23511CC1DFEF009DCA6B /* DGActivityIndicatorRotatingTrigonAnimation.m */,
				597E23521CC1DFEF009DCA6B /* DGActivityIndicatorThreeDotsAnimation.h */,
				597E23531CC1DFEF009DCA6B /* DGActivityIndicatorThreeDotsAnimation.m */,
				597E23541CC1DFEF009DCA6B /* DGActivityIndicatorTriangleSkewSpinAnimation.h */,
				597E23551CC1DFEF009DCA6B /* DGActivityIndicatorTriangleSkewSpinAnimation.m */,
				597E23561CC1DFEF009DCA6B /* DGActivityIndicatorTriplePulseAnimation.h */,
				597E23571CC1DFEF009DCA6B /* DGActivityIndicatorTriplePulseAnimation.m */,
				597E23581CC1DFEF009DCA6B /* DGActivityIndicatorTripleRingsAnimation.h */,
				597E23591CC1DFEF009DCA6B /* DGActivityIndicatorTripleRingsAnimation.m */,
				597E235A1CC1DFEF009DCA6B /* DGActivityIndicatorTwoDotsAnimation.h */,
				597E235B1CC1DFEF009DCA6B /* DGActivityIndicatorTwoDotsAnimation.m */,
			);
			path = Animations;
			sourceTree = "<group>";
		};
		59BD2A851C9ACC9D00D9A58C = {
			isa = PBXGroup;
			children = (
				59BD2A901C9ACC9D00D9A58C /* JoinUs */,
				59BD2A8F1C9ACC9D00D9A58C /* Products */,
			);
			sourceTree = "<group>";
		};
		59BD2A8F1C9ACC9D00D9A58C /* Products */ = {
			isa = PBXGroup;
			children = (
				59BD2A8E1C9ACC9D00D9A58C /* JoinUs.app */,
			);
			name = Products;
			sourceTree = "<group>";
		};
		59BD2A901C9ACC9D00D9A58C /* JoinUs */ = {
			isa = PBXGroup;
			children = (
				5952D1F71C9D3E4E00E761F9 /* Home */,
				5952D1F61C9D3E4E00E761F9 /* Forum */,
				5952D1F81C9D3E4E00E761F9 /* Market */,
				5952D1F91C9D3E4E00E761F9 /* Message */,
				5952D1FA1C9D3E4E00E761F9 /* Personal */,
				59D191DE1C9D82C500FF696C /* Networking */,
				5952D1FC1C9D3E4E00E761F9 /* Utils */,
				59BD2AF41C9ADF7700D9A58C /* Models */,
				59BD2AA81C9ADF2300D9A58C /* JSONModel */,
				59BD2A941C9ACC9D00D9A58C /* AppDelegate.h */,
				59BD2A951C9ACC9D00D9A58C /* AppDelegate.m */,
				59BD2A9A1C9ACC9D00D9A58C /* Main.storyboard */,
				59BD2A9D1C9ACC9D00D9A58C /* Assets.xcassets */,
				59BD2A9F1C9ACC9D00D9A58C /* LaunchScreen.storyboard */,
				59BD2AA21C9ACC9D00D9A58C /* Info.plist */,
				59BD2A911C9ACC9D00D9A58C /* Supporting Files */,
			);
			path = JoinUs;
			sourceTree = "<group>";
		};
		59BD2A911C9ACC9D00D9A58C /* Supporting Files */ = {
			isa = PBXGroup;
			children = (
				59BD2A921C9ACC9D00D9A58C /* main.m */,
			);
			name = "Supporting Files";
			sourceTree = "<group>";
		};
		59BD2AA81C9ADF2300D9A58C /* JSONModel */ = {
			isa = PBXGroup;
			children = (
				59BD2AA91C9ADF2300D9A58C /* Info.plist */,
				59BD2AAA1C9ADF2300D9A58C /* JSONModel */,
				59BD2AB31C9ADF2300D9A58C /* JSONModelCategories */,
				59BD2AB61C9ADF2300D9A58C /* JSONModelLib.h */,
				59BD2AB71C9ADF2300D9A58C /* JSONModelNetworking */,
				59BD2ABE1C9ADF2300D9A58C /* JSONModelTransformations */,
			);
			path = JSONModel;
			sourceTree = "<group>";
		};
		59BD2AAA1C9ADF2300D9A58C /* JSONModel */ = {
			isa = PBXGroup;
			children = (
				59BD2AAB1C9ADF2300D9A58C /* JSONModel.h */,
				59BD2AAC1C9ADF2300D9A58C /* JSONModel.m */,
				59BD2AAD1C9ADF2300D9A58C /* JSONModelArray.h */,
				59BD2AAE1C9ADF2300D9A58C /* JSONModelArray.m */,
				59BD2AAF1C9ADF2300D9A58C /* JSONModelClassProperty.h */,
				59BD2AB01C9ADF2300D9A58C /* JSONModelClassProperty.m */,
				59BD2AB11C9ADF2300D9A58C /* JSONModelError.h */,
				59BD2AB21C9ADF2300D9A58C /* JSONModelError.m */,
			);
			path = JSONModel;
			sourceTree = "<group>";
		};
		59BD2AB31C9ADF2300D9A58C /* JSONModelCategories */ = {
			isa = PBXGroup;
			children = (
				59BD2AB41C9ADF2300D9A58C /* NSArray+JSONModel.h */,
				59BD2AB51C9ADF2300D9A58C /* NSArray+JSONModel.m */,
			);
			path = JSONModelCategories;
			sourceTree = "<group>";
		};
		59BD2AB71C9ADF2300D9A58C /* JSONModelNetworking */ = {
			isa = PBXGroup;
			children = (
				59BD2AB81C9ADF2300D9A58C /* JSONAPI.h */,
				59BD2AB91C9ADF2300D9A58C /* JSONAPI.m */,
				59BD2ABA1C9ADF2300D9A58C /* JSONHTTPClient.h */,
				59BD2ABB1C9ADF2300D9A58C /* JSONHTTPClient.m */,
				59BD2ABC1C9ADF2300D9A58C /* JSONModel+networking.h */,
				59BD2ABD1C9ADF2300D9A58C /* JSONModel+networking.m */,
			);
			path = JSONModelNetworking;
			sourceTree = "<group>";
		};
		59BD2ABE1C9ADF2300D9A58C /* JSONModelTransformations */ = {
			isa = PBXGroup;
			children = (
				59BD2ABF1C9ADF2300D9A58C /* JSONKeyMapper.h */,
				59BD2AC01C9ADF2300D9A58C /* JSONKeyMapper.m */,
				59BD2AC11C9ADF2300D9A58C /* JSONValueTransformer.h */,
				59BD2AC21C9ADF2300D9A58C /* JSONValueTransformer.m */,
			);
			path = JSONModelTransformations;
			sourceTree = "<group>";
		};
		59BD2AF41C9ADF7700D9A58C /* Models */ = {
			isa = PBXGroup;
			children = (
				59E4582C1CA02AEF00A48E95 /* Models.h */,
				59E4582D1CA02AEF00A48E95 /* Models.m */,
				59CF80D11CA627FE005F0CA6 /* UserModels.h */,
				59CF80D21CA627FE005F0CA6 /* UserModels.m */,
				599F42531CCB0BE2001BC33A /* ForumModels.h */,
				599F42541CCB0BE2001BC33A /* ForumModels.m */,
			);
			path = Models;
			sourceTree = "<group>";
		};
		59D191DE1C9D82C500FF696C /* Networking */ = {
			isa = PBXGroup;
			children = (
				59D191DF1C9D82E500FF696C /* NetworkManager.h */,
				59D191E01C9D82E500FF696C /* NetworkManager.m */,
			);
			path = Networking;
			sourceTree = "<group>";
		};
/* End PBXGroup section */

/* Begin PBXNativeTarget section */
		59BD2A8D1C9ACC9D00D9A58C /* JoinUs */ = {
			isa = PBXNativeTarget;
			buildConfigurationList = 59BD2AA51C9ACC9D00D9A58C /* Build configuration list for PBXNativeTarget "JoinUs" */;
			buildPhases = (
				59BD2A8A1C9ACC9D00D9A58C /* Sources */,
				59BD2A8B1C9ACC9D00D9A58C /* Frameworks */,
				59BD2A8C1C9ACC9D00D9A58C /* Resources */,
			);
			buildRules = (
			);
			dependencies = (
			);
			name = JoinUs;
			productName = JoinUs;
			productReference = 59BD2A8E1C9ACC9D00D9A58C /* JoinUs.app */;
			productType = "com.apple.product-type.application";
		};
/* End PBXNativeTarget section */

/* Begin PBXProject section */
		59BD2A861C9ACC9D00D9A58C /* Project object */ = {
			isa = PBXProject;
			attributes = {
				LastUpgradeCheck = 0720;
				ORGANIZATIONNAME = "North Gate Code";
				TargetAttributes = {
					59BD2A8D1C9ACC9D00D9A58C = {
						CreatedOnToolsVersion = 7.2.1;
						DevelopmentTeam = HSDEF37K27;
					};
				};
			};
			buildConfigurationList = 59BD2A891C9ACC9D00D9A58C /* Build configuration list for PBXProject "JoinUs" */;
			compatibilityVersion = "Xcode 3.2";
			developmentRegion = English;
			hasScannedForEncodings = 0;
			knownRegions = (
				en,
				Base,
			);
			mainGroup = 59BD2A851C9ACC9D00D9A58C;
			productRefGroup = 59BD2A8F1C9ACC9D00D9A58C /* Products */;
			projectDirPath = "";
			projectRoot = "";
			targets = (
				59BD2A8D1C9ACC9D00D9A58C /* JoinUs */,
			);
		};
/* End PBXProject section */

/* Begin PBXResourcesBuildPhase section */
		59BD2A8C1C9ACC9D00D9A58C /* Resources */ = {
			isa = PBXResourcesBuildPhase;
			buildActionMask = 2147483647;
			files = (
				5952D2021C9D41F200E761F9 /* Market.storyboard in Resources */,
				5952D2001C9D415100E761F9 /* Forum.storyboard in Resources */,
				59BD2AC31C9ADF2300D9A58C /* Info.plist in Resources */,
				59BF18B61CB74C1B00033F41 /* LoginAndRegister.storyboard in Resources */,
				5952D1FE1C9D408000E761F9 /* Home.storyboard in Resources */,
				59BD2AA11C9ACC9D00D9A58C /* LaunchScreen.storyboard in Resources */,
				59BD2A9E1C9ACC9D00D9A58C /* Assets.xcassets in Resources */,
				5952D2081C9D441300E761F9 /* Personal.storyboard in Resources */,
				5952D2041C9D434D00E761F9 /* Message.storyboard in Resources */,
				59BD2A9C1C9ACC9D00D9A58C /* Main.storyboard in Resources */,
			);
			runOnlyForDeploymentPostprocessing = 0;
		};
/* End PBXResourcesBuildPhase section */

/* Begin PBXSourcesBuildPhase section */
		59BD2A8A1C9ACC9D00D9A58C /* Sources */ = {
			isa = PBXSourcesBuildPhase;
			buildActionMask = 2147483647;
			files = (
				59BD2ACA1C9ADF2300D9A58C /* JSONHTTPClient.m in Sources */,
				59BD2AC51C9ADF2300D9A58C /* JSONModelArray.m in Sources */,
				597E23611CC1DFEF009DCA6B /* DGActivityIndicatorBallClipRotateMultipleAnimation.m in Sources */,
				597E236C1CC1DFEF009DCA6B /* DGActivityIndicatorBallSpinFadeLoader.m in Sources */,
				597E23741CC1DFEF009DCA6B /* DGActivityIndicatorLineScalePartyAnimation.m in Sources */,
				599F42551CCB0BE2001BC33A /* ForumModels.m in Sources */,
				597E23621CC1DFEF009DCA6B /* DGActivityIndicatorBallClipRotatePulseAnimation.m in Sources */,
				59BD2AC71C9ADF2300D9A58C /* JSONModelError.m in Sources */,
				597E23721CC1DFEF009DCA6B /* DGActivityIndicatorFiveDotsAnimation.m in Sources */,
				597E23751CC1DFEF009DCA6B /* DGActivityIndicatorLineScalePulseOutAnimation.m in Sources */,
				597E236E1CC1DFEF009DCA6B /* DGActivityIndicatorBallZigZagAnimation.m in Sources */,
				59657BCA1CAD51B20013F1F8 /* MyProfileTableViewController.m in Sources */,
				597E237A1CC1DFEF009DCA6B /* DGActivityIndicatorRotatingTrigonAnimation.m in Sources */,
				597E23691CC1DFEF009DCA6B /* DGActivityIndicatorBallScaleMultipleAnimation.m in Sources */,
				59BD2AC91C9ADF2300D9A58C /* JSONAPI.m in Sources */,
				597E236B1CC1DFEF009DCA6B /* DGActivityIndicatorBallScaleRippleMultipleAnimation.m in Sources */,
				59D1C1E61CBFC748006D1A26 /* GMDCircleLoader.m in Sources */,
				597E236A1CC1DFEF009DCA6B /* DGActivityIndicatorBallScaleRippleAnimation.m in Sources */,
				597E23641CC1DFEF009DCA6B /* DGActivityIndicatorBallGridPulseAnimation.m in Sources */,
				599F42641CCB4FE8001BC33A /* CreateForumStepThreeViewController.m in Sources */,
				59BD2ACD1C9ADF2300D9A58C /* JSONValueTransformer.m in Sources */,
				59BF18B71CB74C1B00033F41 /* RegisterGetVerifyCodeViewController.m in Sources */,
				599F425B1CCB23A7001BC33A /* CreateForumStepTwoViewController.m in Sources */,
				59D1C1E31CBFB3AD006D1A26 /* CoreAnimationViewController.m in Sources */,
				59BD2AC41C9ADF2300D9A58C /* JSONModel.m in Sources */,
				599F42581CCB1350001BC33A /* CreateForumStepOneViewController.m in Sources */,
				597E23891CC1E326009DCA6B /* ProvinceCityTableViewCell.m in Sources */,
				597E23861CC1E241009DCA6B /* ChooseCityViewController.m in Sources */,
				597E237E1CC1DFEF009DCA6B /* DGActivityIndicatorTripleRingsAnimation.m in Sources */,
				591E1C891CA40A0400045E39 /* UIView+Toast.m in Sources */,
				597E23631CC1DFEF009DCA6B /* DGActivityIndicatorBallGridBeatAnimation.m in Sources */,
				59BF18B91CB74C1B00033F41 /* LoginWithPasswordViewController.m in Sources */,
				599F42521CCB04F6001BC33A /* HotForumsViewController.m in Sources */,
				597E237B1CC1DFEF009DCA6B /* DGActivityIndicatorThreeDotsAnimation.m in Sources */,
				597E23661CC1DFEF009DCA6B /* DGActivityIndicatorBallPulseSyncAnimation.m in Sources */,
				59CF08AF1CB88A1200FD2040 /* UpdatePhotoViewController.m in Sources */,
				599F426A1CCB9337001BC33A /* RefreshView.m in Sources */,
				599F425E1CCB23C7001BC33A /* CreateForumSummaryTableViewController.m in Sources */,
				599F42611CCB4B24001BC33A /* CategoryCollectionViewCell.m in Sources */,
				597E23771CC1DFEF009DCA6B /* DGActivityIndicatorNineDotsAnimation.m in Sources */,
				59CF80D31CA627FE005F0CA6 /* UserModels.m in Sources */,
				597E23831CC1E228009DCA6B /* ChooseProvinceViewController.m in Sources */,
				597E237D1CC1DFEF009DCA6B /* DGActivityIndicatorTriplePulseAnimation.m in Sources */,
				597E23601CC1DFEF009DCA6B /* DGActivityIndicatorBallClipRotateAnimation.m in Sources */,
				59BD2ACC1C9ADF2300D9A58C /* JSONKeyMapper.m in Sources */,
				599F42671CCB6A32001BC33A /* ForumItemTableViewCell.m in Sources */,
				59CF80D61CA667ED005F0CA6 /* PersonalViewController.m in Sources */,
				59BD2ACB1C9ADF2300D9A58C /* JSONModel+networking.m in Sources */,
				59CF08B21CB8F0E300FD2040 /* UpdatePasswordViewController.m in Sources */,
				597E23761CC1DFEF009DCA6B /* DGActivityIndicatorLineScalePulseOutRapidAnimation.m in Sources */,
				597E23651CC1DFEF009DCA6B /* DGActivityIndicatorBallPulseAnimation.m in Sources */,
				597E237F1CC1DFEF009DCA6B /* DGActivityIndicatorTwoDotsAnimation.m in Sources */,
				597E23701CC1DFEF009DCA6B /* DGActivityIndicatorCookieTerminatorAnimation.m in Sources */,
				59D191E11C9D82E500FF696C /* NetworkManager.m in Sources */,
				597E23731CC1DFEF009DCA6B /* DGActivityIndicatorLineScaleAnimation.m in Sources */,
				597E23801CC1DFEF009DCA6B /* DGActivityIndicatorView.m in Sources */,
				597E236F1CC1DFEF009DCA6B /* DGActivityIndicatorBallZigZagDeflectAnimation.m in Sources */,
				597E23711CC1DFEF009DCA6B /* DGActivityIndicatorDoubleBounceAnimation.m in Sources */,
				597E23671CC1DFEF009DCA6B /* DGActivityIndicatorBallRotateAnimation.m in Sources */,
				597E23791CC1DFEF009DCA6B /* DGActivityIndicatorRotatingSquaresAnimation.m in Sources */,
				59BD2AC81C9ADF2300D9A58C /* NSArray+JSONModel.m in Sources */,
				59BF18B81CB74C1B00033F41 /* RegisterWithVerifyCodeViewController.m in Sources */,
				59BD2A961C9ACC9D00D9A58C /* AppDelegate.m in Sources */,
				597E23171CC1DF82009DCA6B /* NSString+Validation.m in Sources */,
				597E23781CC1DFEF009DCA6B /* DGActivityIndicatorRotatingSandglassAnimation.m in Sources */,
				597E235F1CC1DFEF009DCA6B /* DGActivityIndicatorBallBeatAnimation.m in Sources */,
				597E236D1CC1DFEF009DCA6B /* DGActivityIndicatorBallTrianglePathAnimation.m in Sources */,
				597E237C1CC1DFEF009DCA6B /* DGActivityIndicatorTriangleSkewSpinAnimation.m in Sources */,
				5952D2231C9D4FED00E761F9 /* UIColor+Utils.m in Sources */,
				597E23681CC1DFEF009DCA6B /* DGActivityIndicatorBallScaleAnimation.m in Sources */,
				59BD2A931C9ACC9D00D9A58C /* main.m in Sources */,
				5952D2261C9D50A700E761F9 /* Utils.m in Sources */,
				59BD2AC61C9ADF2300D9A58C /* JSONModelClassProperty.m in Sources */,
				59363F481CCE322B00EEDC96 /* ForumHomeViewController.m in Sources */,
				59CF08B51CB925AF00FD2040 /* UpdateNameViewController.m in Sources */,
				59E4582E1CA02AEF00A48E95 /* Models.m in Sources */,
			);
			runOnlyForDeploymentPostprocessing = 0;
		};
/* End PBXSourcesBuildPhase section */

/* Begin PBXVariantGroup section */
		59BD2A9A1C9ACC9D00D9A58C /* Main.storyboard */ = {
			isa = PBXVariantGroup;
			children = (
				59BD2A9B1C9ACC9D00D9A58C /* Base */,
			);
			name = Main.storyboard;
			sourceTree = "<group>";
		};
		59BD2A9F1C9ACC9D00D9A58C /* LaunchScreen.storyboard */ = {
			isa = PBXVariantGroup;
			children = (
				59BD2AA01C9ACC9D00D9A58C /* Base */,
			);
			name = LaunchScreen.storyboard;
			sourceTree = "<group>";
		};
/* End PBXVariantGroup section */

/* Begin XCBuildConfiguration section */
		59BD2AA31C9ACC9D00D9A58C /* Debug */ = {
			isa = XCBuildConfiguration;
			buildSettings = {
				ALWAYS_SEARCH_USER_PATHS = NO;
				CLANG_CXX_LANGUAGE_STANDARD = "gnu++0x";
				CLANG_CXX_LIBRARY = "libc++";
				CLANG_ENABLE_MODULES = YES;
				CLANG_ENABLE_OBJC_ARC = YES;
				CLANG_WARN_BOOL_CONVERSION = YES;
				CLANG_WARN_CONSTANT_CONVERSION = YES;
				CLANG_WARN_DIRECT_OBJC_ISA_USAGE = YES_ERROR;
				CLANG_WARN_EMPTY_BODY = YES;
				CLANG_WARN_ENUM_CONVERSION = YES;
				CLANG_WARN_INT_CONVERSION = YES;
				CLANG_WARN_OBJC_ROOT_CLASS = YES_ERROR;
				CLANG_WARN_UNREACHABLE_CODE = YES;
				CLANG_WARN__DUPLICATE_METHOD_MATCH = YES;
				"CODE_SIGN_IDENTITY[sdk=iphoneos*]" = "iPhone Developer";
				COPY_PHASE_STRIP = NO;
				DEBUG_INFORMATION_FORMAT = dwarf;
				ENABLE_STRICT_OBJC_MSGSEND = YES;
				ENABLE_TESTABILITY = YES;
				GCC_C_LANGUAGE_STANDARD = gnu99;
				GCC_DYNAMIC_NO_PIC = NO;
				GCC_NO_COMMON_BLOCKS = YES;
				GCC_OPTIMIZATION_LEVEL = 0;
				GCC_PREPROCESSOR_DEFINITIONS = (
					"DEBUG=1",
					"$(inherited)",
				);
				GCC_WARN_64_TO_32_BIT_CONVERSION = YES;
				GCC_WARN_ABOUT_RETURN_TYPE = YES_ERROR;
				GCC_WARN_UNDECLARED_SELECTOR = YES;
				GCC_WARN_UNINITIALIZED_AUTOS = YES_AGGRESSIVE;
				GCC_WARN_UNUSED_FUNCTION = YES;
				GCC_WARN_UNUSED_VARIABLE = YES;
				IPHONEOS_DEPLOYMENT_TARGET = 9.2;
				MTL_ENABLE_DEBUG_INFO = YES;
				ONLY_ACTIVE_ARCH = YES;
				SDKROOT = iphoneos;
				TARGETED_DEVICE_FAMILY = "1,2";
			};
			name = Debug;
		};
		59BD2AA41C9ACC9D00D9A58C /* Release */ = {
			isa = XCBuildConfiguration;
			buildSettings = {
				ALWAYS_SEARCH_USER_PATHS = NO;
				CLANG_CXX_LANGUAGE_STANDARD = "gnu++0x";
				CLANG_CXX_LIBRARY = "libc++";
				CLANG_ENABLE_MODULES = YES;
				CLANG_ENABLE_OBJC_ARC = YES;
				CLANG_WARN_BOOL_CONVERSION = YES;
				CLANG_WARN_CONSTANT_CONVERSION = YES;
				CLANG_WARN_DIRECT_OBJC_ISA_USAGE = YES_ERROR;
				CLANG_WARN_EMPTY_BODY = YES;
				CLANG_WARN_ENUM_CONVERSION = YES;
				CLANG_WARN_INT_CONVERSION = YES;
				CLANG_WARN_OBJC_ROOT_CLASS = YES_ERROR;
				CLANG_WARN_UNREACHABLE_CODE = YES;
				CLANG_WARN__DUPLICATE_METHOD_MATCH = YES;
				"CODE_SIGN_IDENTITY[sdk=iphoneos*]" = "iPhone Developer";
				COPY_PHASE_STRIP = NO;
				DEBUG_INFORMATION_FORMAT = "dwarf-with-dsym";
				ENABLE_NS_ASSERTIONS = NO;
				ENABLE_STRICT_OBJC_MSGSEND = YES;
				GCC_C_LANGUAGE_STANDARD = gnu99;
				GCC_NO_COMMON_BLOCKS = YES;
				GCC_WARN_64_TO_32_BIT_CONVERSION = YES;
				GCC_WARN_ABOUT_RETURN_TYPE = YES_ERROR;
				GCC_WARN_UNDECLARED_SELECTOR = YES;
				GCC_WARN_UNINITIALIZED_AUTOS = YES_AGGRESSIVE;
				GCC_WARN_UNUSED_FUNCTION = YES;
				GCC_WARN_UNUSED_VARIABLE = YES;
				IPHONEOS_DEPLOYMENT_TARGET = 9.2;
				MTL_ENABLE_DEBUG_INFO = NO;
				SDKROOT = iphoneos;
				TARGETED_DEVICE_FAMILY = "1,2";
				VALIDATE_PRODUCT = YES;
			};
			name = Release;
		};
		59BD2AA61C9ACC9D00D9A58C /* Debug */ = {
			isa = XCBuildConfiguration;
			buildSettings = {
				ASSETCATALOG_COMPILER_APPICON_NAME = AppIcon;
				CODE_SIGN_IDENTITY = "iPhone Developer";
				INFOPLIST_FILE = JoinUs/Info.plist;
				IPHONEOS_DEPLOYMENT_TARGET = 9.0;
				LD_RUNPATH_SEARCH_PATHS = "$(inherited) @executable_path/Frameworks";
				PRODUCT_BUNDLE_IDENTIFIER = com.northgatecode.joinus;
				PRODUCT_NAME = "$(TARGET_NAME)";
				TARGETED_DEVICE_FAMILY = 1;
			};
			name = Debug;
		};
		59BD2AA71C9ACC9D00D9A58C /* Release */ = {
			isa = XCBuildConfiguration;
			buildSettings = {
				ASSETCATALOG_COMPILER_APPICON_NAME = AppIcon;
				CODE_SIGN_IDENTITY = "iPhone Developer";
				INFOPLIST_FILE = JoinUs/Info.plist;
				IPHONEOS_DEPLOYMENT_TARGET = 9.0;
				LD_RUNPATH_SEARCH_PATHS = "$(inherited) @executable_path/Frameworks";
				PRODUCT_BUNDLE_IDENTIFIER = com.northgatecode.joinus;
				PRODUCT_NAME = "$(TARGET_NAME)";
				TARGETED_DEVICE_FAMILY = 1;
			};
			name = Release;
		};
/* End XCBuildConfiguration section */

/* Begin XCConfigurationList section */
		59BD2A891C9ACC9D00D9A58C /* Build configuration list for PBXProject "JoinUs" */ = {
			isa = XCConfigurationList;
			buildConfigurations = (
				59BD2AA31C9ACC9D00D9A58C /* Debug */,
				59BD2AA41C9ACC9D00D9A58C /* Release */,
			);
			defaultConfigurationIsVisible = 0;
			defaultConfigurationName = Release;
		};
		59BD2AA51C9ACC9D00D9A58C /* Build configuration list for PBXNativeTarget "JoinUs" */ = {
			isa = XCConfigurationList;
			buildConfigurations = (
				59BD2AA61C9ACC9D00D9A58C /* Debug */,
				59BD2AA71C9ACC9D00D9A58C /* Release */,
			);
			defaultConfigurationIsVisible = 0;
			defaultConfigurationName = Release;
		};
/* End XCConfigurationList section */
	};
	rootObject = 59BD2A861C9ACC9D00D9A58C /* Project object */;
}
